
Microsoft Visual Studio Solution File, Format Version 12.00
# Visual Studio Version 17
VisualStudioVersion = 17.0.31903.59
MinimumVisualStudioVersion = 10.0.40219.1
Project("{2150E333-8FDC-42A3-9474-1A3956D46DE8}") = "src", "src", "{58901348-D7F3-4E49-B61F-43A8CEC0A72A}"
EndProject
Project("{2150E333-8FDC-42A3-9474-1A3956D46DE8}") = "tests", "tests", "{64F3DF78-CCFA-4D5C-A689-A42069E3E55F}"
EndProject
Project("{FAE04EC0-301F-11D3-BF4B-00C04F79EFBC}") = "DIMI.WebApi", "src\DIMI.WebApi\DIMI.WebApi.csproj", "{2E884FE0-92D5-4522-A53E-7C2B8B0DCEC3}"
EndProject
Global
	GlobalSection(SolutionConfigurationPlatforms) = preSolution
		Debug|Any CPU = Debug|Any CPU
		Release|Any CPU = Release|Any CPU
	EndGlobalSection
	GlobalSection(ProjectConfigurationPlatforms) = postSolution
		{2E884FE0-92D5-4522-A53E-7C2B8B0DCEC3}.Debug|Any CPU.ActiveCfg = Debug|Any CPU
		{2E884FE0-92D5-4522-A53E-7C2B8B0DCEC3}.Debug|Any CPU.Build.0 = Debug|Any CPU
		{2E884FE0-92D5-4522-A53E-7C2B8B0DCEC3}.Release|Any CPU.ActiveCfg = Release|Any CPU
		{2E884FE0-92D5-4522-A53E-7C2B8B0DCEC3}.Release|Any CPU.Build.0 = Release|Any CPU
	EndGlobalSection
	GlobalSection(SolutionProperties) = preSolution
		HideSolutionNode = FALSE
	EndGlobalSection
	GlobalSection(NestedProjects) = preSolution
		{2E884FE0-92D5-4522-A53E-7C2B8B0DCEC3} = {58901348-D7F3-4E49-B61F-43A8CEC0A72A}
	EndGlobalSection
EndGlobal
