
Microsoft Visual Studio Solution File, Format Version 12.00
# Visual Studio Version 16
VisualStudioVersion = 16.6.30114.105
MinimumVisualStudioVersion = 10.0.40219.1
Project("{2150E333-8FDC-42A3-9474-1A3956D46DE8}") = "src", "src", "{EE919600-9690-4428-897D-432E57C20392}"
EndProject
Project("{2150E333-8FDC-42A3-9474-1A3956D46DE8}") = "Core", "Core", "{9D687368-8855-4B85-8DFC-F529B956524B}"
EndProject
Project("{9A19103F-16F7-4668-BE54-9A1E7A4F7556}") = "Supply.Domain.Core", "src\Supply.Domain.Core\Supply.Domain.Core.csproj", "{585F6C49-48A6-4704-9B44-702234225B75}"
EndProject
Project("{2150E333-8FDC-42A3-9474-1A3956D46DE8}") = "Supply", "Supply", "{3791C3E4-41EC-4C19-8333-B81D726744E5}"
EndProject
Project("{2150E333-8FDC-42A3-9474-1A3956D46DE8}") = "tests", "tests", "{F3925AD0-6683-4792-875B-AE8D76C52ED6}"
EndProject
Project("{9A19103F-16F7-4668-BE54-9A1E7A4F7556}") = "Supply.Application", "src\Supply.Application\Supply.Application.csproj", "{4085E04A-CEC2-43CB-A0A3-A71B85366075}"
EndProject
Project("{9A19103F-16F7-4668-BE54-9A1E7A4F7556}") = "Supply.Domain", "src\Supply.Domain\Supply.Domain.csproj", "{7B6609F7-4F6E-4A01-ADE7-E7A06CCB6691}"
EndProject
Project("{9A19103F-16F7-4668-BE54-9A1E7A4F7556}") = "Supply.Infra.CrossCutting.IoC", "src\Supply.Infra.CrossCutting.IoC\Supply.Infra.CrossCutting.IoC.csproj", "{3674FF58-E6D0-47D4-915A-7861BB7575A3}"
EndProject
Project("{9A19103F-16F7-4668-BE54-9A1E7A4F7556}") = "Supply.Infra.Data", "src\Supply.Infra.Data\Supply.Infra.Data.csproj", "{98990EED-4811-4932-90D9-5C93F1E812AF}"
EndProject
Project("{9A19103F-16F7-4668-BE54-9A1E7A4F7556}") = "Supply.Api", "src\Supply.Api\Supply.Api.csproj", "{A7CF7AE5-8C13-4D72-8EFC-3F09E8F79D0E}"
EndProject
Project("{9A19103F-16F7-4668-BE54-9A1E7A4F7556}") = "Supply.Domain.Tests", "tests\Supply.Domain.Tests\Supply.Domain.Tests.csproj", "{7EF9263F-3D7D-4A8E-AA7C-D533BCFB696E}"
EndProject
Global
	GlobalSection(SolutionConfigurationPlatforms) = preSolution
		Debug|Any CPU = Debug|Any CPU
		Debug|x64 = Debug|x64
		Debug|x86 = Debug|x86
		Release|Any CPU = Release|Any CPU
		Release|x64 = Release|x64
		Release|x86 = Release|x86
	EndGlobalSection
	GlobalSection(ProjectConfigurationPlatforms) = postSolution
		{585F6C49-48A6-4704-9B44-702234225B75}.Debug|Any CPU.ActiveCfg = Debug|Any CPU
		{585F6C49-48A6-4704-9B44-702234225B75}.Debug|Any CPU.Build.0 = Debug|Any CPU
		{585F6C49-48A6-4704-9B44-702234225B75}.Debug|x64.ActiveCfg = Debug|Any CPU
		{585F6C49-48A6-4704-9B44-702234225B75}.Debug|x64.Build.0 = Debug|Any CPU
		{585F6C49-48A6-4704-9B44-702234225B75}.Debug|x86.ActiveCfg = Debug|Any CPU
		{585F6C49-48A6-4704-9B44-702234225B75}.Debug|x86.Build.0 = Debug|Any CPU
		{585F6C49-48A6-4704-9B44-702234225B75}.Release|Any CPU.ActiveCfg = Release|Any CPU
		{585F6C49-48A6-4704-9B44-702234225B75}.Release|Any CPU.Build.0 = Release|Any CPU
		{585F6C49-48A6-4704-9B44-702234225B75}.Release|x64.ActiveCfg = Release|Any CPU
		{585F6C49-48A6-4704-9B44-702234225B75}.Release|x64.Build.0 = Release|Any CPU
		{585F6C49-48A6-4704-9B44-702234225B75}.Release|x86.ActiveCfg = Release|Any CPU
		{585F6C49-48A6-4704-9B44-702234225B75}.Release|x86.Build.0 = Release|Any CPU
		{4085E04A-CEC2-43CB-A0A3-A71B85366075}.Debug|Any CPU.ActiveCfg = Debug|Any CPU
		{4085E04A-CEC2-43CB-A0A3-A71B85366075}.Debug|Any CPU.Build.0 = Debug|Any CPU
		{4085E04A-CEC2-43CB-A0A3-A71B85366075}.Debug|x64.ActiveCfg = Debug|Any CPU
		{4085E04A-CEC2-43CB-A0A3-A71B85366075}.Debug|x64.Build.0 = Debug|Any CPU
		{4085E04A-CEC2-43CB-A0A3-A71B85366075}.Debug|x86.ActiveCfg = Debug|Any CPU
		{4085E04A-CEC2-43CB-A0A3-A71B85366075}.Debug|x86.Build.0 = Debug|Any CPU
		{4085E04A-CEC2-43CB-A0A3-A71B85366075}.Release|Any CPU.ActiveCfg = Release|Any CPU
		{4085E04A-CEC2-43CB-A0A3-A71B85366075}.Release|Any CPU.Build.0 = Release|Any CPU
		{4085E04A-CEC2-43CB-A0A3-A71B85366075}.Release|x64.ActiveCfg = Release|Any CPU
		{4085E04A-CEC2-43CB-A0A3-A71B85366075}.Release|x64.Build.0 = Release|Any CPU
		{4085E04A-CEC2-43CB-A0A3-A71B85366075}.Release|x86.ActiveCfg = Release|Any CPU
		{4085E04A-CEC2-43CB-A0A3-A71B85366075}.Release|x86.Build.0 = Release|Any CPU
		{7B6609F7-4F6E-4A01-ADE7-E7A06CCB6691}.Debug|Any CPU.ActiveCfg = Debug|Any CPU
		{7B6609F7-4F6E-4A01-ADE7-E7A06CCB6691}.Debug|Any CPU.Build.0 = Debug|Any CPU
		{7B6609F7-4F6E-4A01-ADE7-E7A06CCB6691}.Debug|x64.ActiveCfg = Debug|Any CPU
		{7B6609F7-4F6E-4A01-ADE7-E7A06CCB6691}.Debug|x64.Build.0 = Debug|Any CPU
		{7B6609F7-4F6E-4A01-ADE7-E7A06CCB6691}.Debug|x86.ActiveCfg = Debug|Any CPU
		{7B6609F7-4F6E-4A01-ADE7-E7A06CCB6691}.Debug|x86.Build.0 = Debug|Any CPU
		{7B6609F7-4F6E-4A01-ADE7-E7A06CCB6691}.Release|Any CPU.ActiveCfg = Release|Any CPU
		{7B6609F7-4F6E-4A01-ADE7-E7A06CCB6691}.Release|Any CPU.Build.0 = Release|Any CPU
		{7B6609F7-4F6E-4A01-ADE7-E7A06CCB6691}.Release|x64.ActiveCfg = Release|Any CPU
		{7B6609F7-4F6E-4A01-ADE7-E7A06CCB6691}.Release|x64.Build.0 = Release|Any CPU
		{7B6609F7-4F6E-4A01-ADE7-E7A06CCB6691}.Release|x86.ActiveCfg = Release|Any CPU
		{7B6609F7-4F6E-4A01-ADE7-E7A06CCB6691}.Release|x86.Build.0 = Release|Any CPU
		{3674FF58-E6D0-47D4-915A-7861BB7575A3}.Debug|Any CPU.ActiveCfg = Debug|Any CPU
		{3674FF58-E6D0-47D4-915A-7861BB7575A3}.Debug|Any CPU.Build.0 = Debug|Any CPU
		{3674FF58-E6D0-47D4-915A-7861BB7575A3}.Debug|x64.ActiveCfg = Debug|Any CPU
		{3674FF58-E6D0-47D4-915A-7861BB7575A3}.Debug|x64.Build.0 = Debug|Any CPU
		{3674FF58-E6D0-47D4-915A-7861BB7575A3}.Debug|x86.ActiveCfg = Debug|Any CPU
		{3674FF58-E6D0-47D4-915A-7861BB7575A3}.Debug|x86.Build.0 = Debug|Any CPU
		{3674FF58-E6D0-47D4-915A-7861BB7575A3}.Release|Any CPU.ActiveCfg = Release|Any CPU
		{3674FF58-E6D0-47D4-915A-7861BB7575A3}.Release|Any CPU.Build.0 = Release|Any CPU
		{3674FF58-E6D0-47D4-915A-7861BB7575A3}.Release|x64.ActiveCfg = Release|Any CPU
		{3674FF58-E6D0-47D4-915A-7861BB7575A3}.Release|x64.Build.0 = Release|Any CPU
		{3674FF58-E6D0-47D4-915A-7861BB7575A3}.Release|x86.ActiveCfg = Release|Any CPU
		{3674FF58-E6D0-47D4-915A-7861BB7575A3}.Release|x86.Build.0 = Release|Any CPU
		{98990EED-4811-4932-90D9-5C93F1E812AF}.Debug|Any CPU.ActiveCfg = Debug|Any CPU
		{98990EED-4811-4932-90D9-5C93F1E812AF}.Debug|Any CPU.Build.0 = Debug|Any CPU
		{98990EED-4811-4932-90D9-5C93F1E812AF}.Debug|x64.ActiveCfg = Debug|Any CPU
		{98990EED-4811-4932-90D9-5C93F1E812AF}.Debug|x64.Build.0 = Debug|Any CPU
		{98990EED-4811-4932-90D9-5C93F1E812AF}.Debug|x86.ActiveCfg = Debug|Any CPU
		{98990EED-4811-4932-90D9-5C93F1E812AF}.Debug|x86.Build.0 = Debug|Any CPU
		{98990EED-4811-4932-90D9-5C93F1E812AF}.Release|Any CPU.ActiveCfg = Release|Any CPU
		{98990EED-4811-4932-90D9-5C93F1E812AF}.Release|Any CPU.Build.0 = Release|Any CPU
		{98990EED-4811-4932-90D9-5C93F1E812AF}.Release|x64.ActiveCfg = Release|Any CPU
		{98990EED-4811-4932-90D9-5C93F1E812AF}.Release|x64.Build.0 = Release|Any CPU
		{98990EED-4811-4932-90D9-5C93F1E812AF}.Release|x86.ActiveCfg = Release|Any CPU
		{98990EED-4811-4932-90D9-5C93F1E812AF}.Release|x86.Build.0 = Release|Any CPU
		{A7CF7AE5-8C13-4D72-8EFC-3F09E8F79D0E}.Debug|Any CPU.ActiveCfg = Debug|Any CPU
		{A7CF7AE5-8C13-4D72-8EFC-3F09E8F79D0E}.Debug|Any CPU.Build.0 = Debug|Any CPU
		{A7CF7AE5-8C13-4D72-8EFC-3F09E8F79D0E}.Debug|x64.ActiveCfg = Debug|Any CPU
		{A7CF7AE5-8C13-4D72-8EFC-3F09E8F79D0E}.Debug|x64.Build.0 = Debug|Any CPU
		{A7CF7AE5-8C13-4D72-8EFC-3F09E8F79D0E}.Debug|x86.ActiveCfg = Debug|Any CPU
		{A7CF7AE5-8C13-4D72-8EFC-3F09E8F79D0E}.Debug|x86.Build.0 = Debug|Any CPU
		{A7CF7AE5-8C13-4D72-8EFC-3F09E8F79D0E}.Release|Any CPU.ActiveCfg = Release|Any CPU
		{A7CF7AE5-8C13-4D72-8EFC-3F09E8F79D0E}.Release|Any CPU.Build.0 = Release|Any CPU
		{A7CF7AE5-8C13-4D72-8EFC-3F09E8F79D0E}.Release|x64.ActiveCfg = Release|Any CPU
		{A7CF7AE5-8C13-4D72-8EFC-3F09E8F79D0E}.Release|x64.Build.0 = Release|Any CPU
		{A7CF7AE5-8C13-4D72-8EFC-3F09E8F79D0E}.Release|x86.ActiveCfg = Release|Any CPU
		{A7CF7AE5-8C13-4D72-8EFC-3F09E8F79D0E}.Release|x86.Build.0 = Release|Any CPU
		{7EF9263F-3D7D-4A8E-AA7C-D533BCFB696E}.Debug|Any CPU.ActiveCfg = Debug|Any CPU
		{7EF9263F-3D7D-4A8E-AA7C-D533BCFB696E}.Debug|Any CPU.Build.0 = Debug|Any CPU
		{7EF9263F-3D7D-4A8E-AA7C-D533BCFB696E}.Debug|x64.ActiveCfg = Debug|Any CPU
		{7EF9263F-3D7D-4A8E-AA7C-D533BCFB696E}.Debug|x64.Build.0 = Debug|Any CPU
		{7EF9263F-3D7D-4A8E-AA7C-D533BCFB696E}.Debug|x86.ActiveCfg = Debug|Any CPU
		{7EF9263F-3D7D-4A8E-AA7C-D533BCFB696E}.Debug|x86.Build.0 = Debug|Any CPU
		{7EF9263F-3D7D-4A8E-AA7C-D533BCFB696E}.Release|Any CPU.ActiveCfg = Release|Any CPU
		{7EF9263F-3D7D-4A8E-AA7C-D533BCFB696E}.Release|Any CPU.Build.0 = Release|Any CPU
		{7EF9263F-3D7D-4A8E-AA7C-D533BCFB696E}.Release|x64.ActiveCfg = Release|Any CPU
		{7EF9263F-3D7D-4A8E-AA7C-D533BCFB696E}.Release|x64.Build.0 = Release|Any CPU
		{7EF9263F-3D7D-4A8E-AA7C-D533BCFB696E}.Release|x86.ActiveCfg = Release|Any CPU
		{7EF9263F-3D7D-4A8E-AA7C-D533BCFB696E}.Release|x86.Build.0 = Release|Any CPU
	EndGlobalSection
	GlobalSection(SolutionProperties) = preSolution
		HideSolutionNode = FALSE
	EndGlobalSection
	GlobalSection(NestedProjects) = preSolution
		{9D687368-8855-4B85-8DFC-F529B956524B} = {EE919600-9690-4428-897D-432E57C20392}
		{585F6C49-48A6-4704-9B44-702234225B75} = {9D687368-8855-4B85-8DFC-F529B956524B}
		{3791C3E4-41EC-4C19-8333-B81D726744E5} = {EE919600-9690-4428-897D-432E57C20392}
		{4085E04A-CEC2-43CB-A0A3-A71B85366075} = {3791C3E4-41EC-4C19-8333-B81D726744E5}
		{7B6609F7-4F6E-4A01-ADE7-E7A06CCB6691} = {3791C3E4-41EC-4C19-8333-B81D726744E5}
		{3674FF58-E6D0-47D4-915A-7861BB7575A3} = {3791C3E4-41EC-4C19-8333-B81D726744E5}
		{98990EED-4811-4932-90D9-5C93F1E812AF} = {3791C3E4-41EC-4C19-8333-B81D726744E5}
		{A7CF7AE5-8C13-4D72-8EFC-3F09E8F79D0E} = {EE919600-9690-4428-897D-432E57C20392}
		{7EF9263F-3D7D-4A8E-AA7C-D533BCFB696E} = {F3925AD0-6683-4792-875B-AE8D76C52ED6}
	EndGlobalSection
	GlobalSection(ExtensibilityGlobals) = postSolution
		SolutionGuid = {B9E1D8CC-72D7-4002-A951-B0620FB6D450}
	EndGlobalSection
EndGlobal
