
Microsoft Visual Studio Solution File, Format Version 12.00
# Visual Studio Version 16
VisualStudioVersion = 16.0.30114.105
MinimumVisualStudioVersion = 10.0.40219.1
Project("{2150E333-8FDC-42A3-9474-1A3956D46DE8}") = "src", "src", "{694FA276-A796-42EF-98B6-E2A6BD7CC1DE}"
EndProject
Project("{2150E333-8FDC-42A3-9474-1A3956D46DE8}") = "tests", "tests", "{41BB552A-C0E7-45AD-81F8-8436367AA8AA}"
EndProject
Project("{2150E333-8FDC-42A3-9474-1A3956D46DE8}") = "Core", "Core", "{7B61351B-50CA-41D5-8BB8-AD8C28FD6559}"
EndProject
Project("{2150E333-8FDC-42A3-9474-1A3956D46DE8}") = "Core", "Core", "{710F2EE8-431A-47C7-8CB9-5F0590836FFA}"
EndProject
Project("{2150E333-8FDC-42A3-9474-1A3956D46DE8}") = "Something", "Something", "{85809610-6BF9-4B20-A02B-2284F55246B0}"
EndProject
Project("{2150E333-8FDC-42A3-9474-1A3956D46DE8}") = "Something", "Something", "{708A9CF9-A5D9-40D2-87FF-55BB00A03586}"
EndProject
Project("{9A19103F-16F7-4668-BE54-9A1E7A4F7556}") = "Core.API", "src\Core.API\Core.API.csproj", "{770889AE-AA1B-4AC1-94A9-4C49CEEBF338}"
EndProject
Project("{9A19103F-16F7-4668-BE54-9A1E7A4F7556}") = "Core.Application", "src\Core.Application\Core.Application.csproj", "{76867EB3-B36A-4E0B-B855-A19222AEA534}"
EndProject
Project("{9A19103F-16F7-4668-BE54-9A1E7A4F7556}") = "Core.Domain", "src\Core.Domain\Core.Domain.csproj", "{A8D39F0B-5651-4B39-AC44-294E59F49346}"
EndProject
Project("{9A19103F-16F7-4668-BE54-9A1E7A4F7556}") = "Core.Infra.Data", "src\Core.Infra.Data\Core.Infra.Data.csproj", "{E7972945-A73C-416A-8813-9E297AF7B5BE}"
EndProject
Project("{9A19103F-16F7-4668-BE54-9A1E7A4F7556}") = "Core.API.Tests", "tests\Core.API.Tests\Core.API.Tests.csproj", "{649F6855-8957-4835-A9C7-C030F7FE24B2}"
EndProject
Project("{9A19103F-16F7-4668-BE54-9A1E7A4F7556}") = "Core.Application.Tests", "tests\Core.Application.Tests\Core.Application.Tests.csproj", "{D2FD46A0-147B-4139-B63D-8A13C88A1751}"
EndProject
Project("{9A19103F-16F7-4668-BE54-9A1E7A4F7556}") = "Core.Domain.Tests", "tests\Core.Domain.Tests\Core.Domain.Tests.csproj", "{B61682E8-FD16-499B-A5C6-215CCE5D2A4E}"
EndProject
Project("{9A19103F-16F7-4668-BE54-9A1E7A4F7556}") = "Core.Infra.Data.Tests", "tests\Core.Infra.Data.Tests\Core.Infra.Data.Tests.csproj", "{A9DA399F-7E5C-4701-878D-38549209BD90}"
EndProject
Project("{9A19103F-16F7-4668-BE54-9A1E7A4F7556}") = "Something.API", "src\Something.API\Something.API.csproj", "{A429F4A2-8DE7-4095-98B4-6BC74F5139FE}"
EndProject
Project("{9A19103F-16F7-4668-BE54-9A1E7A4F7556}") = "Something.Application", "src\Something.Application\Something.Application.csproj", "{AF610F91-C706-4125-98A2-7BB59AE65F65}"
EndProject
Project("{9A19103F-16F7-4668-BE54-9A1E7A4F7556}") = "Something.Domain", "src\Something.Domain\Something.Domain.csproj", "{F468ED4C-1A14-4F39-AE65-C773481C0326}"
EndProject
Project("{9A19103F-16F7-4668-BE54-9A1E7A4F7556}") = "Something.Infra.CrossCutting.IoC", "src\Something.Infra.CrossCutting.IoC\Something.Infra.CrossCutting.IoC.csproj", "{05F988DD-2496-4E4E-8ED5-8895E724D5F8}"
EndProject
Project("{9A19103F-16F7-4668-BE54-9A1E7A4F7556}") = "Something.Infra.Data", "src\Something.Infra.Data\Something.Infra.Data.csproj", "{EE8E12E4-A1BB-49AB-9150-380C1BB0DC04}"
EndProject
Project("{9A19103F-16F7-4668-BE54-9A1E7A4F7556}") = "Something.API.Tests", "tests\Something.API.Tests\Something.API.Tests.csproj", "{963C1E3C-9B07-45AE-8C08-4B79AA0178F4}"
EndProject
Project("{9A19103F-16F7-4668-BE54-9A1E7A4F7556}") = "Something.Domain.Tests", "tests\Something.Domain.Tests\Something.Domain.Tests.csproj", "{E3061306-9AC1-4D6F-8195-E058F9C23879}"
EndProject
Project("{9A19103F-16F7-4668-BE54-9A1E7A4F7556}") = "Something.Application.Tests", "tests\Something.Application.Tests\Something.Application.Tests.csproj", "{ACBD005B-A1FF-42AE-A472-535049DCCE13}"
EndProject
Project("{9A19103F-16F7-4668-BE54-9A1E7A4F7556}") = "Something.Infra.Data.Tests", "tests\Something.Infra.Data.Tests\Something.Infra.Data.Tests.csproj", "{4231975B-2C21-45E7-B389-3035C8603637}"
EndProject
Project("{2150E333-8FDC-42A3-9474-1A3956D46DE8}") = "GenericImporter", "GenericImporter", "{FCC7D6FB-3E10-417E-8D8E-ED49A3D3B74E}"
EndProject
Project("{2150E333-8FDC-42A3-9474-1A3956D46DE8}") = "GenericImporter", "GenericImporter", "{CEC5B614-8772-49B1-AC1B-64215A1576B2}"
EndProject
Project("{9A19103F-16F7-4668-BE54-9A1E7A4F7556}") = "GenericImporter.Service", "src\GenericImporter.Service\GenericImporter.Service.csproj", "{B84B9F4B-8428-4B56-820C-37E25E178CCA}"
EndProject
Project("{9A19103F-16F7-4668-BE54-9A1E7A4F7556}") = "GenericImporter.Service.Tests", "tests\GenericImporter.Service.Tests\GenericImporter.Service.Tests.csproj", "{3F20B05B-5750-477A-8099-2C46A0516BEE}"
EndProject
Global
	GlobalSection(SolutionConfigurationPlatforms) = preSolution
		Debug|Any CPU = Debug|Any CPU
		Debug|x64 = Debug|x64
		Debug|x86 = Debug|x86
		Release|Any CPU = Release|Any CPU
		Release|x64 = Release|x64
		Release|x86 = Release|x86
	EndGlobalSection
	GlobalSection(ProjectConfigurationPlatforms) = postSolution
		{770889AE-AA1B-4AC1-94A9-4C49CEEBF338}.Debug|Any CPU.ActiveCfg = Debug|Any CPU
		{770889AE-AA1B-4AC1-94A9-4C49CEEBF338}.Debug|Any CPU.Build.0 = Debug|Any CPU
		{770889AE-AA1B-4AC1-94A9-4C49CEEBF338}.Debug|x64.ActiveCfg = Debug|Any CPU
		{770889AE-AA1B-4AC1-94A9-4C49CEEBF338}.Debug|x64.Build.0 = Debug|Any CPU
		{770889AE-AA1B-4AC1-94A9-4C49CEEBF338}.Debug|x86.ActiveCfg = Debug|Any CPU
		{770889AE-AA1B-4AC1-94A9-4C49CEEBF338}.Debug|x86.Build.0 = Debug|Any CPU
		{770889AE-AA1B-4AC1-94A9-4C49CEEBF338}.Release|Any CPU.ActiveCfg = Release|Any CPU
		{770889AE-AA1B-4AC1-94A9-4C49CEEBF338}.Release|Any CPU.Build.0 = Release|Any CPU
		{770889AE-AA1B-4AC1-94A9-4C49CEEBF338}.Release|x64.ActiveCfg = Release|Any CPU
		{770889AE-AA1B-4AC1-94A9-4C49CEEBF338}.Release|x64.Build.0 = Release|Any CPU
		{770889AE-AA1B-4AC1-94A9-4C49CEEBF338}.Release|x86.ActiveCfg = Release|Any CPU
		{770889AE-AA1B-4AC1-94A9-4C49CEEBF338}.Release|x86.Build.0 = Release|Any CPU
		{76867EB3-B36A-4E0B-B855-A19222AEA534}.Debug|Any CPU.ActiveCfg = Debug|Any CPU
		{76867EB3-B36A-4E0B-B855-A19222AEA534}.Debug|Any CPU.Build.0 = Debug|Any CPU
		{76867EB3-B36A-4E0B-B855-A19222AEA534}.Debug|x64.ActiveCfg = Debug|Any CPU
		{76867EB3-B36A-4E0B-B855-A19222AEA534}.Debug|x64.Build.0 = Debug|Any CPU
		{76867EB3-B36A-4E0B-B855-A19222AEA534}.Debug|x86.ActiveCfg = Debug|Any CPU
		{76867EB3-B36A-4E0B-B855-A19222AEA534}.Debug|x86.Build.0 = Debug|Any CPU
		{76867EB3-B36A-4E0B-B855-A19222AEA534}.Release|Any CPU.ActiveCfg = Release|Any CPU
		{76867EB3-B36A-4E0B-B855-A19222AEA534}.Release|Any CPU.Build.0 = Release|Any CPU
		{76867EB3-B36A-4E0B-B855-A19222AEA534}.Release|x64.ActiveCfg = Release|Any CPU
		{76867EB3-B36A-4E0B-B855-A19222AEA534}.Release|x64.Build.0 = Release|Any CPU
		{76867EB3-B36A-4E0B-B855-A19222AEA534}.Release|x86.ActiveCfg = Release|Any CPU
		{76867EB3-B36A-4E0B-B855-A19222AEA534}.Release|x86.Build.0 = Release|Any CPU
		{A8D39F0B-5651-4B39-AC44-294E59F49346}.Debug|Any CPU.ActiveCfg = Debug|Any CPU
		{A8D39F0B-5651-4B39-AC44-294E59F49346}.Debug|Any CPU.Build.0 = Debug|Any CPU
		{A8D39F0B-5651-4B39-AC44-294E59F49346}.Debug|x64.ActiveCfg = Debug|Any CPU
		{A8D39F0B-5651-4B39-AC44-294E59F49346}.Debug|x64.Build.0 = Debug|Any CPU
		{A8D39F0B-5651-4B39-AC44-294E59F49346}.Debug|x86.ActiveCfg = Debug|Any CPU
		{A8D39F0B-5651-4B39-AC44-294E59F49346}.Debug|x86.Build.0 = Debug|Any CPU
		{A8D39F0B-5651-4B39-AC44-294E59F49346}.Release|Any CPU.ActiveCfg = Release|Any CPU
		{A8D39F0B-5651-4B39-AC44-294E59F49346}.Release|Any CPU.Build.0 = Release|Any CPU
		{A8D39F0B-5651-4B39-AC44-294E59F49346}.Release|x64.ActiveCfg = Release|Any CPU
		{A8D39F0B-5651-4B39-AC44-294E59F49346}.Release|x64.Build.0 = Release|Any CPU
		{A8D39F0B-5651-4B39-AC44-294E59F49346}.Release|x86.ActiveCfg = Release|Any CPU
		{A8D39F0B-5651-4B39-AC44-294E59F49346}.Release|x86.Build.0 = Release|Any CPU
		{E7972945-A73C-416A-8813-9E297AF7B5BE}.Debug|Any CPU.ActiveCfg = Debug|Any CPU
		{E7972945-A73C-416A-8813-9E297AF7B5BE}.Debug|Any CPU.Build.0 = Debug|Any CPU
		{E7972945-A73C-416A-8813-9E297AF7B5BE}.Debug|x64.ActiveCfg = Debug|Any CPU
		{E7972945-A73C-416A-8813-9E297AF7B5BE}.Debug|x64.Build.0 = Debug|Any CPU
		{E7972945-A73C-416A-8813-9E297AF7B5BE}.Debug|x86.ActiveCfg = Debug|Any CPU
		{E7972945-A73C-416A-8813-9E297AF7B5BE}.Debug|x86.Build.0 = Debug|Any CPU
		{E7972945-A73C-416A-8813-9E297AF7B5BE}.Release|Any CPU.ActiveCfg = Release|Any CPU
		{E7972945-A73C-416A-8813-9E297AF7B5BE}.Release|Any CPU.Build.0 = Release|Any CPU
		{E7972945-A73C-416A-8813-9E297AF7B5BE}.Release|x64.ActiveCfg = Release|Any CPU
		{E7972945-A73C-416A-8813-9E297AF7B5BE}.Release|x64.Build.0 = Release|Any CPU
		{E7972945-A73C-416A-8813-9E297AF7B5BE}.Release|x86.ActiveCfg = Release|Any CPU
		{E7972945-A73C-416A-8813-9E297AF7B5BE}.Release|x86.Build.0 = Release|Any CPU
		{649F6855-8957-4835-A9C7-C030F7FE24B2}.Debug|Any CPU.ActiveCfg = Debug|Any CPU
		{649F6855-8957-4835-A9C7-C030F7FE24B2}.Debug|Any CPU.Build.0 = Debug|Any CPU
		{649F6855-8957-4835-A9C7-C030F7FE24B2}.Debug|x64.ActiveCfg = Debug|Any CPU
		{649F6855-8957-4835-A9C7-C030F7FE24B2}.Debug|x64.Build.0 = Debug|Any CPU
		{649F6855-8957-4835-A9C7-C030F7FE24B2}.Debug|x86.ActiveCfg = Debug|Any CPU
		{649F6855-8957-4835-A9C7-C030F7FE24B2}.Debug|x86.Build.0 = Debug|Any CPU
		{649F6855-8957-4835-A9C7-C030F7FE24B2}.Release|Any CPU.ActiveCfg = Release|Any CPU
		{649F6855-8957-4835-A9C7-C030F7FE24B2}.Release|Any CPU.Build.0 = Release|Any CPU
		{649F6855-8957-4835-A9C7-C030F7FE24B2}.Release|x64.ActiveCfg = Release|Any CPU
		{649F6855-8957-4835-A9C7-C030F7FE24B2}.Release|x64.Build.0 = Release|Any CPU
		{649F6855-8957-4835-A9C7-C030F7FE24B2}.Release|x86.ActiveCfg = Release|Any CPU
		{649F6855-8957-4835-A9C7-C030F7FE24B2}.Release|x86.Build.0 = Release|Any CPU
		{D2FD46A0-147B-4139-B63D-8A13C88A1751}.Debug|Any CPU.ActiveCfg = Debug|Any CPU
		{D2FD46A0-147B-4139-B63D-8A13C88A1751}.Debug|Any CPU.Build.0 = Debug|Any CPU
		{D2FD46A0-147B-4139-B63D-8A13C88A1751}.Debug|x64.ActiveCfg = Debug|Any CPU
		{D2FD46A0-147B-4139-B63D-8A13C88A1751}.Debug|x64.Build.0 = Debug|Any CPU
		{D2FD46A0-147B-4139-B63D-8A13C88A1751}.Debug|x86.ActiveCfg = Debug|Any CPU
		{D2FD46A0-147B-4139-B63D-8A13C88A1751}.Debug|x86.Build.0 = Debug|Any CPU
		{D2FD46A0-147B-4139-B63D-8A13C88A1751}.Release|Any CPU.ActiveCfg = Release|Any CPU
		{D2FD46A0-147B-4139-B63D-8A13C88A1751}.Release|Any CPU.Build.0 = Release|Any CPU
		{D2FD46A0-147B-4139-B63D-8A13C88A1751}.Release|x64.ActiveCfg = Release|Any CPU
		{D2FD46A0-147B-4139-B63D-8A13C88A1751}.Release|x64.Build.0 = Release|Any CPU
		{D2FD46A0-147B-4139-B63D-8A13C88A1751}.Release|x86.ActiveCfg = Release|Any CPU
		{D2FD46A0-147B-4139-B63D-8A13C88A1751}.Release|x86.Build.0 = Release|Any CPU
		{B61682E8-FD16-499B-A5C6-215CCE5D2A4E}.Debug|Any CPU.ActiveCfg = Debug|Any CPU
		{B61682E8-FD16-499B-A5C6-215CCE5D2A4E}.Debug|Any CPU.Build.0 = Debug|Any CPU
		{B61682E8-FD16-499B-A5C6-215CCE5D2A4E}.Debug|x64.ActiveCfg = Debug|Any CPU
		{B61682E8-FD16-499B-A5C6-215CCE5D2A4E}.Debug|x64.Build.0 = Debug|Any CPU
		{B61682E8-FD16-499B-A5C6-215CCE5D2A4E}.Debug|x86.ActiveCfg = Debug|Any CPU
		{B61682E8-FD16-499B-A5C6-215CCE5D2A4E}.Debug|x86.Build.0 = Debug|Any CPU
		{B61682E8-FD16-499B-A5C6-215CCE5D2A4E}.Release|Any CPU.ActiveCfg = Release|Any CPU
		{B61682E8-FD16-499B-A5C6-215CCE5D2A4E}.Release|Any CPU.Build.0 = Release|Any CPU
		{B61682E8-FD16-499B-A5C6-215CCE5D2A4E}.Release|x64.ActiveCfg = Release|Any CPU
		{B61682E8-FD16-499B-A5C6-215CCE5D2A4E}.Release|x64.Build.0 = Release|Any CPU
		{B61682E8-FD16-499B-A5C6-215CCE5D2A4E}.Release|x86.ActiveCfg = Release|Any CPU
		{B61682E8-FD16-499B-A5C6-215CCE5D2A4E}.Release|x86.Build.0 = Release|Any CPU
		{A9DA399F-7E5C-4701-878D-38549209BD90}.Debug|Any CPU.ActiveCfg = Debug|Any CPU
		{A9DA399F-7E5C-4701-878D-38549209BD90}.Debug|Any CPU.Build.0 = Debug|Any CPU
		{A9DA399F-7E5C-4701-878D-38549209BD90}.Debug|x64.ActiveCfg = Debug|Any CPU
		{A9DA399F-7E5C-4701-878D-38549209BD90}.Debug|x64.Build.0 = Debug|Any CPU
		{A9DA399F-7E5C-4701-878D-38549209BD90}.Debug|x86.ActiveCfg = Debug|Any CPU
		{A9DA399F-7E5C-4701-878D-38549209BD90}.Debug|x86.Build.0 = Debug|Any CPU
		{A9DA399F-7E5C-4701-878D-38549209BD90}.Release|Any CPU.ActiveCfg = Release|Any CPU
		{A9DA399F-7E5C-4701-878D-38549209BD90}.Release|Any CPU.Build.0 = Release|Any CPU
		{A9DA399F-7E5C-4701-878D-38549209BD90}.Release|x64.ActiveCfg = Release|Any CPU
		{A9DA399F-7E5C-4701-878D-38549209BD90}.Release|x64.Build.0 = Release|Any CPU
		{A9DA399F-7E5C-4701-878D-38549209BD90}.Release|x86.ActiveCfg = Release|Any CPU
		{A9DA399F-7E5C-4701-878D-38549209BD90}.Release|x86.Build.0 = Release|Any CPU
		{A429F4A2-8DE7-4095-98B4-6BC74F5139FE}.Debug|Any CPU.ActiveCfg = Debug|Any CPU
		{A429F4A2-8DE7-4095-98B4-6BC74F5139FE}.Debug|Any CPU.Build.0 = Debug|Any CPU
		{A429F4A2-8DE7-4095-98B4-6BC74F5139FE}.Debug|x64.ActiveCfg = Debug|Any CPU
		{A429F4A2-8DE7-4095-98B4-6BC74F5139FE}.Debug|x64.Build.0 = Debug|Any CPU
		{A429F4A2-8DE7-4095-98B4-6BC74F5139FE}.Debug|x86.ActiveCfg = Debug|Any CPU
		{A429F4A2-8DE7-4095-98B4-6BC74F5139FE}.Debug|x86.Build.0 = Debug|Any CPU
		{A429F4A2-8DE7-4095-98B4-6BC74F5139FE}.Release|Any CPU.ActiveCfg = Release|Any CPU
		{A429F4A2-8DE7-4095-98B4-6BC74F5139FE}.Release|Any CPU.Build.0 = Release|Any CPU
		{A429F4A2-8DE7-4095-98B4-6BC74F5139FE}.Release|x64.ActiveCfg = Release|Any CPU
		{A429F4A2-8DE7-4095-98B4-6BC74F5139FE}.Release|x64.Build.0 = Release|Any CPU
		{A429F4A2-8DE7-4095-98B4-6BC74F5139FE}.Release|x86.ActiveCfg = Release|Any CPU
		{A429F4A2-8DE7-4095-98B4-6BC74F5139FE}.Release|x86.Build.0 = Release|Any CPU
		{AF610F91-C706-4125-98A2-7BB59AE65F65}.Debug|Any CPU.ActiveCfg = Debug|Any CPU
		{AF610F91-C706-4125-98A2-7BB59AE65F65}.Debug|Any CPU.Build.0 = Debug|Any CPU
		{AF610F91-C706-4125-98A2-7BB59AE65F65}.Debug|x64.ActiveCfg = Debug|Any CPU
		{AF610F91-C706-4125-98A2-7BB59AE65F65}.Debug|x64.Build.0 = Debug|Any CPU
		{AF610F91-C706-4125-98A2-7BB59AE65F65}.Debug|x86.ActiveCfg = Debug|Any CPU
		{AF610F91-C706-4125-98A2-7BB59AE65F65}.Debug|x86.Build.0 = Debug|Any CPU
		{AF610F91-C706-4125-98A2-7BB59AE65F65}.Release|Any CPU.ActiveCfg = Release|Any CPU
		{AF610F91-C706-4125-98A2-7BB59AE65F65}.Release|Any CPU.Build.0 = Release|Any CPU
		{AF610F91-C706-4125-98A2-7BB59AE65F65}.Release|x64.ActiveCfg = Release|Any CPU
		{AF610F91-C706-4125-98A2-7BB59AE65F65}.Release|x64.Build.0 = Release|Any CPU
		{AF610F91-C706-4125-98A2-7BB59AE65F65}.Release|x86.ActiveCfg = Release|Any CPU
		{AF610F91-C706-4125-98A2-7BB59AE65F65}.Release|x86.Build.0 = Release|Any CPU
		{F468ED4C-1A14-4F39-AE65-C773481C0326}.Debug|Any CPU.ActiveCfg = Debug|Any CPU
		{F468ED4C-1A14-4F39-AE65-C773481C0326}.Debug|Any CPU.Build.0 = Debug|Any CPU
		{F468ED4C-1A14-4F39-AE65-C773481C0326}.Debug|x64.ActiveCfg = Debug|Any CPU
		{F468ED4C-1A14-4F39-AE65-C773481C0326}.Debug|x64.Build.0 = Debug|Any CPU
		{F468ED4C-1A14-4F39-AE65-C773481C0326}.Debug|x86.ActiveCfg = Debug|Any CPU
		{F468ED4C-1A14-4F39-AE65-C773481C0326}.Debug|x86.Build.0 = Debug|Any CPU
		{F468ED4C-1A14-4F39-AE65-C773481C0326}.Release|Any CPU.ActiveCfg = Release|Any CPU
		{F468ED4C-1A14-4F39-AE65-C773481C0326}.Release|Any CPU.Build.0 = Release|Any CPU
		{F468ED4C-1A14-4F39-AE65-C773481C0326}.Release|x64.ActiveCfg = Release|Any CPU
		{F468ED4C-1A14-4F39-AE65-C773481C0326}.Release|x64.Build.0 = Release|Any CPU
		{F468ED4C-1A14-4F39-AE65-C773481C0326}.Release|x86.ActiveCfg = Release|Any CPU
		{F468ED4C-1A14-4F39-AE65-C773481C0326}.Release|x86.Build.0 = Release|Any CPU
		{05F988DD-2496-4E4E-8ED5-8895E724D5F8}.Debug|Any CPU.ActiveCfg = Debug|Any CPU
		{05F988DD-2496-4E4E-8ED5-8895E724D5F8}.Debug|Any CPU.Build.0 = Debug|Any CPU
		{05F988DD-2496-4E4E-8ED5-8895E724D5F8}.Debug|x64.ActiveCfg = Debug|Any CPU
		{05F988DD-2496-4E4E-8ED5-8895E724D5F8}.Debug|x64.Build.0 = Debug|Any CPU
		{05F988DD-2496-4E4E-8ED5-8895E724D5F8}.Debug|x86.ActiveCfg = Debug|Any CPU
		{05F988DD-2496-4E4E-8ED5-8895E724D5F8}.Debug|x86.Build.0 = Debug|Any CPU
		{05F988DD-2496-4E4E-8ED5-8895E724D5F8}.Release|Any CPU.ActiveCfg = Release|Any CPU
		{05F988DD-2496-4E4E-8ED5-8895E724D5F8}.Release|Any CPU.Build.0 = Release|Any CPU
		{05F988DD-2496-4E4E-8ED5-8895E724D5F8}.Release|x64.ActiveCfg = Release|Any CPU
		{05F988DD-2496-4E4E-8ED5-8895E724D5F8}.Release|x64.Build.0 = Release|Any CPU
		{05F988DD-2496-4E4E-8ED5-8895E724D5F8}.Release|x86.ActiveCfg = Release|Any CPU
		{05F988DD-2496-4E4E-8ED5-8895E724D5F8}.Release|x86.Build.0 = Release|Any CPU
		{EE8E12E4-A1BB-49AB-9150-380C1BB0DC04}.Debug|Any CPU.ActiveCfg = Debug|Any CPU
		{EE8E12E4-A1BB-49AB-9150-380C1BB0DC04}.Debug|Any CPU.Build.0 = Debug|Any CPU
		{EE8E12E4-A1BB-49AB-9150-380C1BB0DC04}.Debug|x64.ActiveCfg = Debug|Any CPU
		{EE8E12E4-A1BB-49AB-9150-380C1BB0DC04}.Debug|x64.Build.0 = Debug|Any CPU
		{EE8E12E4-A1BB-49AB-9150-380C1BB0DC04}.Debug|x86.ActiveCfg = Debug|Any CPU
		{EE8E12E4-A1BB-49AB-9150-380C1BB0DC04}.Debug|x86.Build.0 = Debug|Any CPU
		{EE8E12E4-A1BB-49AB-9150-380C1BB0DC04}.Release|Any CPU.ActiveCfg = Release|Any CPU
		{EE8E12E4-A1BB-49AB-9150-380C1BB0DC04}.Release|Any CPU.Build.0 = Release|Any CPU
		{EE8E12E4-A1BB-49AB-9150-380C1BB0DC04}.Release|x64.ActiveCfg = Release|Any CPU
		{EE8E12E4-A1BB-49AB-9150-380C1BB0DC04}.Release|x64.Build.0 = Release|Any CPU
		{EE8E12E4-A1BB-49AB-9150-380C1BB0DC04}.Release|x86.ActiveCfg = Release|Any CPU
		{EE8E12E4-A1BB-49AB-9150-380C1BB0DC04}.Release|x86.Build.0 = Release|Any CPU
		{963C1E3C-9B07-45AE-8C08-4B79AA0178F4}.Debug|Any CPU.ActiveCfg = Debug|Any CPU
		{963C1E3C-9B07-45AE-8C08-4B79AA0178F4}.Debug|Any CPU.Build.0 = Debug|Any CPU
		{963C1E3C-9B07-45AE-8C08-4B79AA0178F4}.Debug|x64.ActiveCfg = Debug|Any CPU
		{963C1E3C-9B07-45AE-8C08-4B79AA0178F4}.Debug|x64.Build.0 = Debug|Any CPU
		{963C1E3C-9B07-45AE-8C08-4B79AA0178F4}.Debug|x86.ActiveCfg = Debug|Any CPU
		{963C1E3C-9B07-45AE-8C08-4B79AA0178F4}.Debug|x86.Build.0 = Debug|Any CPU
		{963C1E3C-9B07-45AE-8C08-4B79AA0178F4}.Release|Any CPU.ActiveCfg = Release|Any CPU
		{963C1E3C-9B07-45AE-8C08-4B79AA0178F4}.Release|Any CPU.Build.0 = Release|Any CPU
		{963C1E3C-9B07-45AE-8C08-4B79AA0178F4}.Release|x64.ActiveCfg = Release|Any CPU
		{963C1E3C-9B07-45AE-8C08-4B79AA0178F4}.Release|x64.Build.0 = Release|Any CPU
		{963C1E3C-9B07-45AE-8C08-4B79AA0178F4}.Release|x86.ActiveCfg = Release|Any CPU
		{963C1E3C-9B07-45AE-8C08-4B79AA0178F4}.Release|x86.Build.0 = Release|Any CPU
		{E3061306-9AC1-4D6F-8195-E058F9C23879}.Debug|Any CPU.ActiveCfg = Debug|Any CPU
		{E3061306-9AC1-4D6F-8195-E058F9C23879}.Debug|Any CPU.Build.0 = Debug|Any CPU
		{E3061306-9AC1-4D6F-8195-E058F9C23879}.Debug|x64.ActiveCfg = Debug|Any CPU
		{E3061306-9AC1-4D6F-8195-E058F9C23879}.Debug|x64.Build.0 = Debug|Any CPU
		{E3061306-9AC1-4D6F-8195-E058F9C23879}.Debug|x86.ActiveCfg = Debug|Any CPU
		{E3061306-9AC1-4D6F-8195-E058F9C23879}.Debug|x86.Build.0 = Debug|Any CPU
		{E3061306-9AC1-4D6F-8195-E058F9C23879}.Release|Any CPU.ActiveCfg = Release|Any CPU
		{E3061306-9AC1-4D6F-8195-E058F9C23879}.Release|Any CPU.Build.0 = Release|Any CPU
		{E3061306-9AC1-4D6F-8195-E058F9C23879}.Release|x64.ActiveCfg = Release|Any CPU
		{E3061306-9AC1-4D6F-8195-E058F9C23879}.Release|x64.Build.0 = Release|Any CPU
		{E3061306-9AC1-4D6F-8195-E058F9C23879}.Release|x86.ActiveCfg = Release|Any CPU
		{E3061306-9AC1-4D6F-8195-E058F9C23879}.Release|x86.Build.0 = Release|Any CPU
		{ACBD005B-A1FF-42AE-A472-535049DCCE13}.Debug|Any CPU.ActiveCfg = Debug|Any CPU
		{ACBD005B-A1FF-42AE-A472-535049DCCE13}.Debug|Any CPU.Build.0 = Debug|Any CPU
		{ACBD005B-A1FF-42AE-A472-535049DCCE13}.Debug|x64.ActiveCfg = Debug|Any CPU
		{ACBD005B-A1FF-42AE-A472-535049DCCE13}.Debug|x64.Build.0 = Debug|Any CPU
		{ACBD005B-A1FF-42AE-A472-535049DCCE13}.Debug|x86.ActiveCfg = Debug|Any CPU
		{ACBD005B-A1FF-42AE-A472-535049DCCE13}.Debug|x86.Build.0 = Debug|Any CPU
		{ACBD005B-A1FF-42AE-A472-535049DCCE13}.Release|Any CPU.ActiveCfg = Release|Any CPU
		{ACBD005B-A1FF-42AE-A472-535049DCCE13}.Release|Any CPU.Build.0 = Release|Any CPU
		{ACBD005B-A1FF-42AE-A472-535049DCCE13}.Release|x64.ActiveCfg = Release|Any CPU
		{ACBD005B-A1FF-42AE-A472-535049DCCE13}.Release|x64.Build.0 = Release|Any CPU
		{ACBD005B-A1FF-42AE-A472-535049DCCE13}.Release|x86.ActiveCfg = Release|Any CPU
		{ACBD005B-A1FF-42AE-A472-535049DCCE13}.Release|x86.Build.0 = Release|Any CPU
		{4231975B-2C21-45E7-B389-3035C8603637}.Debug|Any CPU.ActiveCfg = Debug|Any CPU
		{4231975B-2C21-45E7-B389-3035C8603637}.Debug|Any CPU.Build.0 = Debug|Any CPU
		{4231975B-2C21-45E7-B389-3035C8603637}.Debug|x64.ActiveCfg = Debug|Any CPU
		{4231975B-2C21-45E7-B389-3035C8603637}.Debug|x64.Build.0 = Debug|Any CPU
		{4231975B-2C21-45E7-B389-3035C8603637}.Debug|x86.ActiveCfg = Debug|Any CPU
		{4231975B-2C21-45E7-B389-3035C8603637}.Debug|x86.Build.0 = Debug|Any CPU
		{4231975B-2C21-45E7-B389-3035C8603637}.Release|Any CPU.ActiveCfg = Release|Any CPU
		{4231975B-2C21-45E7-B389-3035C8603637}.Release|Any CPU.Build.0 = Release|Any CPU
		{4231975B-2C21-45E7-B389-3035C8603637}.Release|x64.ActiveCfg = Release|Any CPU
		{4231975B-2C21-45E7-B389-3035C8603637}.Release|x64.Build.0 = Release|Any CPU
		{4231975B-2C21-45E7-B389-3035C8603637}.Release|x86.ActiveCfg = Release|Any CPU
		{4231975B-2C21-45E7-B389-3035C8603637}.Release|x86.Build.0 = Release|Any CPU
		{B84B9F4B-8428-4B56-820C-37E25E178CCA}.Debug|Any CPU.ActiveCfg = Debug|Any CPU
		{B84B9F4B-8428-4B56-820C-37E25E178CCA}.Debug|Any CPU.Build.0 = Debug|Any CPU
		{B84B9F4B-8428-4B56-820C-37E25E178CCA}.Debug|x64.ActiveCfg = Debug|Any CPU
		{B84B9F4B-8428-4B56-820C-37E25E178CCA}.Debug|x64.Build.0 = Debug|Any CPU
		{B84B9F4B-8428-4B56-820C-37E25E178CCA}.Debug|x86.ActiveCfg = Debug|Any CPU
		{B84B9F4B-8428-4B56-820C-37E25E178CCA}.Debug|x86.Build.0 = Debug|Any CPU
		{B84B9F4B-8428-4B56-820C-37E25E178CCA}.Release|Any CPU.ActiveCfg = Release|Any CPU
		{B84B9F4B-8428-4B56-820C-37E25E178CCA}.Release|Any CPU.Build.0 = Release|Any CPU
		{B84B9F4B-8428-4B56-820C-37E25E178CCA}.Release|x64.ActiveCfg = Release|Any CPU
		{B84B9F4B-8428-4B56-820C-37E25E178CCA}.Release|x64.Build.0 = Release|Any CPU
		{B84B9F4B-8428-4B56-820C-37E25E178CCA}.Release|x86.ActiveCfg = Release|Any CPU
		{B84B9F4B-8428-4B56-820C-37E25E178CCA}.Release|x86.Build.0 = Release|Any CPU
		{3F20B05B-5750-477A-8099-2C46A0516BEE}.Debug|Any CPU.ActiveCfg = Debug|Any CPU
		{3F20B05B-5750-477A-8099-2C46A0516BEE}.Debug|Any CPU.Build.0 = Debug|Any CPU
		{3F20B05B-5750-477A-8099-2C46A0516BEE}.Debug|x64.ActiveCfg = Debug|Any CPU
		{3F20B05B-5750-477A-8099-2C46A0516BEE}.Debug|x64.Build.0 = Debug|Any CPU
		{3F20B05B-5750-477A-8099-2C46A0516BEE}.Debug|x86.ActiveCfg = Debug|Any CPU
		{3F20B05B-5750-477A-8099-2C46A0516BEE}.Debug|x86.Build.0 = Debug|Any CPU
		{3F20B05B-5750-477A-8099-2C46A0516BEE}.Release|Any CPU.ActiveCfg = Release|Any CPU
		{3F20B05B-5750-477A-8099-2C46A0516BEE}.Release|Any CPU.Build.0 = Release|Any CPU
		{3F20B05B-5750-477A-8099-2C46A0516BEE}.Release|x64.ActiveCfg = Release|Any CPU
		{3F20B05B-5750-477A-8099-2C46A0516BEE}.Release|x64.Build.0 = Release|Any CPU
		{3F20B05B-5750-477A-8099-2C46A0516BEE}.Release|x86.ActiveCfg = Release|Any CPU
		{3F20B05B-5750-477A-8099-2C46A0516BEE}.Release|x86.Build.0 = Release|Any CPU
	EndGlobalSection
	GlobalSection(SolutionProperties) = preSolution
		HideSolutionNode = FALSE
	EndGlobalSection
	GlobalSection(NestedProjects) = preSolution
		{7B61351B-50CA-41D5-8BB8-AD8C28FD6559} = {694FA276-A796-42EF-98B6-E2A6BD7CC1DE}
		{710F2EE8-431A-47C7-8CB9-5F0590836FFA} = {41BB552A-C0E7-45AD-81F8-8436367AA8AA}
		{85809610-6BF9-4B20-A02B-2284F55246B0} = {694FA276-A796-42EF-98B6-E2A6BD7CC1DE}
		{708A9CF9-A5D9-40D2-87FF-55BB00A03586} = {41BB552A-C0E7-45AD-81F8-8436367AA8AA}
		{770889AE-AA1B-4AC1-94A9-4C49CEEBF338} = {7B61351B-50CA-41D5-8BB8-AD8C28FD6559}
		{76867EB3-B36A-4E0B-B855-A19222AEA534} = {7B61351B-50CA-41D5-8BB8-AD8C28FD6559}
		{A8D39F0B-5651-4B39-AC44-294E59F49346} = {7B61351B-50CA-41D5-8BB8-AD8C28FD6559}
		{E7972945-A73C-416A-8813-9E297AF7B5BE} = {7B61351B-50CA-41D5-8BB8-AD8C28FD6559}
		{649F6855-8957-4835-A9C7-C030F7FE24B2} = {710F2EE8-431A-47C7-8CB9-5F0590836FFA}
		{D2FD46A0-147B-4139-B63D-8A13C88A1751} = {710F2EE8-431A-47C7-8CB9-5F0590836FFA}
		{B61682E8-FD16-499B-A5C6-215CCE5D2A4E} = {710F2EE8-431A-47C7-8CB9-5F0590836FFA}
		{A9DA399F-7E5C-4701-878D-38549209BD90} = {710F2EE8-431A-47C7-8CB9-5F0590836FFA}
		{A429F4A2-8DE7-4095-98B4-6BC74F5139FE} = {85809610-6BF9-4B20-A02B-2284F55246B0}
		{AF610F91-C706-4125-98A2-7BB59AE65F65} = {85809610-6BF9-4B20-A02B-2284F55246B0}
		{F468ED4C-1A14-4F39-AE65-C773481C0326} = {85809610-6BF9-4B20-A02B-2284F55246B0}
		{05F988DD-2496-4E4E-8ED5-8895E724D5F8} = {85809610-6BF9-4B20-A02B-2284F55246B0}
		{EE8E12E4-A1BB-49AB-9150-380C1BB0DC04} = {85809610-6BF9-4B20-A02B-2284F55246B0}
		{963C1E3C-9B07-45AE-8C08-4B79AA0178F4} = {708A9CF9-A5D9-40D2-87FF-55BB00A03586}
		{E3061306-9AC1-4D6F-8195-E058F9C23879} = {708A9CF9-A5D9-40D2-87FF-55BB00A03586}
		{ACBD005B-A1FF-42AE-A472-535049DCCE13} = {708A9CF9-A5D9-40D2-87FF-55BB00A03586}
		{4231975B-2C21-45E7-B389-3035C8603637} = {708A9CF9-A5D9-40D2-87FF-55BB00A03586}
		{FCC7D6FB-3E10-417E-8D8E-ED49A3D3B74E} = {694FA276-A796-42EF-98B6-E2A6BD7CC1DE}
		{CEC5B614-8772-49B1-AC1B-64215A1576B2} = {41BB552A-C0E7-45AD-81F8-8436367AA8AA}
		{B84B9F4B-8428-4B56-820C-37E25E178CCA} = {FCC7D6FB-3E10-417E-8D8E-ED49A3D3B74E}
		{3F20B05B-5750-477A-8099-2C46A0516BEE} = {CEC5B614-8772-49B1-AC1B-64215A1576B2}
	EndGlobalSection
	GlobalSection(ExtensibilityGlobals) = postSolution
		SolutionGuid = {72C92057-3C98-43F6-AFD2-B5987873B06D}
	EndGlobalSection
EndGlobal
