
Microsoft Visual Studio Solution File, Format Version 12.00
# Visual Studio Version 17
VisualStudioVersion = 17.0.32112.339
MinimumVisualStudioVersion = 10.0.40219.1
Project("{2150E333-8FDC-42A3-9474-1A3956D46DE8}") = "src", "src", "{E47B0061-0788-4AA8-83AE-E445843BB5EA}"
EndProject
Project("{2150E333-8FDC-42A3-9474-1A3956D46DE8}") = "tests", "tests", "{7ABF3421-3EBD-491E-9AC2-2EB3A8B779B6}"
EndProject
Project("{FAE04EC0-301F-11D3-BF4B-00C04F79EFBC}") = "RestAPI.Domain", "src\RestAPI.Domain\RestAPI.Domain.csproj", "{1470E4A0-A2CB-44B3-ADA2-49B75C296D43}"
EndProject
Project("{FAE04EC0-301F-11D3-BF4B-00C04F79EFBC}") = "RestAPI.Application", "src\RestAPI.Application\RestAPI.Application.csproj", "{C4745F12-234B-48D5-8F51-6FAAAEBFE2FB}"
EndProject
Project("{FAE04EC0-301F-11D3-BF4B-00C04F79EFBC}") = "RestAPI.Infra.Data", "src\RestAPI.Infra.Data\RestAPI.Infra.Data.csproj", "{1187031B-4B28-4A89-AC6B-ACD9B8DFE837}"
EndProject
Project("{FAE04EC0-301F-11D3-BF4B-00C04F79EFBC}") = "RestAPI.Infra.CrossCutting.IoC", "src\RestAPI.Infra.CrossCutting.IoC\RestAPI.Infra.CrossCutting.IoC.csproj", "{BDD12B6B-1CCE-4C9A-BFB8-5CE130DD5D3F}"
EndProject
Project("{FAE04EC0-301F-11D3-BF4B-00C04F79EFBC}") = "RestAPI.API", "src\RestAPI.API\RestAPI.API.csproj", "{BC930E21-7CAF-42FA-B3AA-94946CAD38A1}"
EndProject
Project("{FAE04EC0-301F-11D3-BF4B-00C04F79EFBC}") = "RestAPI.Domain.Tests", "tests\RestAPI.Domain.Tests\RestAPI.Domain.Tests.csproj", "{114E5498-4F05-4A33-BB4A-8C90C788A961}"
EndProject
Project("{FAE04EC0-301F-11D3-BF4B-00C04F79EFBC}") = "RestAPI.Application.Tests", "tests\RestAPI.Application.Tests\RestAPI.Application.Tests.csproj", "{645503FB-8020-4BCD-91B9-58315941E0CA}"
EndProject
Project("{2150E333-8FDC-42A3-9474-1A3956D46DE8}") = "Solution Items", "Solution Items", "{A1660C79-818B-4CD2-80AA-743C4C690DFE}"
	ProjectSection(SolutionItems) = preProject
		.editorconfig = .editorconfig
	EndProjectSection
EndProject
Global
	GlobalSection(SolutionConfigurationPlatforms) = preSolution
		Debug|Any CPU = Debug|Any CPU
		Release|Any CPU = Release|Any CPU
	EndGlobalSection
	GlobalSection(ProjectConfigurationPlatforms) = postSolution
		{1470E4A0-A2CB-44B3-ADA2-49B75C296D43}.Debug|Any CPU.ActiveCfg = Debug|Any CPU
		{1470E4A0-A2CB-44B3-ADA2-49B75C296D43}.Debug|Any CPU.Build.0 = Debug|Any CPU
		{1470E4A0-A2CB-44B3-ADA2-49B75C296D43}.Release|Any CPU.ActiveCfg = Release|Any CPU
		{1470E4A0-A2CB-44B3-ADA2-49B75C296D43}.Release|Any CPU.Build.0 = Release|Any CPU
		{C4745F12-234B-48D5-8F51-6FAAAEBFE2FB}.Debug|Any CPU.ActiveCfg = Debug|Any CPU
		{C4745F12-234B-48D5-8F51-6FAAAEBFE2FB}.Debug|Any CPU.Build.0 = Debug|Any CPU
		{C4745F12-234B-48D5-8F51-6FAAAEBFE2FB}.Release|Any CPU.ActiveCfg = Release|Any CPU
		{C4745F12-234B-48D5-8F51-6FAAAEBFE2FB}.Release|Any CPU.Build.0 = Release|Any CPU
		{1187031B-4B28-4A89-AC6B-ACD9B8DFE837}.Debug|Any CPU.ActiveCfg = Debug|Any CPU
		{1187031B-4B28-4A89-AC6B-ACD9B8DFE837}.Debug|Any CPU.Build.0 = Debug|Any CPU
		{1187031B-4B28-4A89-AC6B-ACD9B8DFE837}.Release|Any CPU.ActiveCfg = Release|Any CPU
		{1187031B-4B28-4A89-AC6B-ACD9B8DFE837}.Release|Any CPU.Build.0 = Release|Any CPU
		{BDD12B6B-1CCE-4C9A-BFB8-5CE130DD5D3F}.Debug|Any CPU.ActiveCfg = Debug|Any CPU
		{BDD12B6B-1CCE-4C9A-BFB8-5CE130DD5D3F}.Debug|Any CPU.Build.0 = Debug|Any CPU
		{BDD12B6B-1CCE-4C9A-BFB8-5CE130DD5D3F}.Release|Any CPU.ActiveCfg = Release|Any CPU
		{BDD12B6B-1CCE-4C9A-BFB8-5CE130DD5D3F}.Release|Any CPU.Build.0 = Release|Any CPU
		{BC930E21-7CAF-42FA-B3AA-94946CAD38A1}.Debug|Any CPU.ActiveCfg = Debug|Any CPU
		{BC930E21-7CAF-42FA-B3AA-94946CAD38A1}.Debug|Any CPU.Build.0 = Debug|Any CPU
		{BC930E21-7CAF-42FA-B3AA-94946CAD38A1}.Release|Any CPU.ActiveCfg = Release|Any CPU
		{BC930E21-7CAF-42FA-B3AA-94946CAD38A1}.Release|Any CPU.Build.0 = Release|Any CPU
		{114E5498-4F05-4A33-BB4A-8C90C788A961}.Debug|Any CPU.ActiveCfg = Debug|Any CPU
		{114E5498-4F05-4A33-BB4A-8C90C788A961}.Debug|Any CPU.Build.0 = Debug|Any CPU
		{114E5498-4F05-4A33-BB4A-8C90C788A961}.Release|Any CPU.ActiveCfg = Release|Any CPU
		{114E5498-4F05-4A33-BB4A-8C90C788A961}.Release|Any CPU.Build.0 = Release|Any CPU
		{645503FB-8020-4BCD-91B9-58315941E0CA}.Debug|Any CPU.ActiveCfg = Debug|Any CPU
		{645503FB-8020-4BCD-91B9-58315941E0CA}.Debug|Any CPU.Build.0 = Debug|Any CPU
		{645503FB-8020-4BCD-91B9-58315941E0CA}.Release|Any CPU.ActiveCfg = Release|Any CPU
		{645503FB-8020-4BCD-91B9-58315941E0CA}.Release|Any CPU.Build.0 = Release|Any CPU
	EndGlobalSection
	GlobalSection(SolutionProperties) = preSolution
		HideSolutionNode = FALSE
	EndGlobalSection
	GlobalSection(NestedProjects) = preSolution
		{1470E4A0-A2CB-44B3-ADA2-49B75C296D43} = {E47B0061-0788-4AA8-83AE-E445843BB5EA}
		{C4745F12-234B-48D5-8F51-6FAAAEBFE2FB} = {E47B0061-0788-4AA8-83AE-E445843BB5EA}
		{1187031B-4B28-4A89-AC6B-ACD9B8DFE837} = {E47B0061-0788-4AA8-83AE-E445843BB5EA}
		{BDD12B6B-1CCE-4C9A-BFB8-5CE130DD5D3F} = {E47B0061-0788-4AA8-83AE-E445843BB5EA}
		{BC930E21-7CAF-42FA-B3AA-94946CAD38A1} = {E47B0061-0788-4AA8-83AE-E445843BB5EA}
		{114E5498-4F05-4A33-BB4A-8C90C788A961} = {7ABF3421-3EBD-491E-9AC2-2EB3A8B779B6}
		{645503FB-8020-4BCD-91B9-58315941E0CA} = {7ABF3421-3EBD-491E-9AC2-2EB3A8B779B6}
	EndGlobalSection
	GlobalSection(ExtensibilityGlobals) = postSolution
		SolutionGuid = {C3DD9FB6-DF25-45DA-A997-3E795345EF54}
	EndGlobalSection
EndGlobal
