
Microsoft Visual Studio Solution File, Format Version 12.00
# Visual Studio Version 17
VisualStudioVersion = 17.2.32630.192
MinimumVisualStudioVersion = 10.0.40219.1
Project("{2150E333-8FDC-42A3-9474-1A3956D46DE8}") = "src", "src", "{67ABF24A-61D5-465A-ADEC-B7ED8B5250A8}"
EndProject
Project("{2150E333-8FDC-42A3-9474-1A3956D46DE8}") = "tests", "tests", "{C7D3ED8F-EE93-4CA4-A093-2643DA8DD221}"
EndProject
Project("{9A19103F-16F7-4668-BE54-9A1E7A4F7556}") = "Autho.Api", "src\Autho.Api\Autho.Api.csproj", "{444F562E-9A53-422A-8C64-7E00701BB77A}"
EndProject
Project("{9A19103F-16F7-4668-BE54-9A1E7A4F7556}") = "Autho.Domain", "src\Autho.Domain\Autho.Domain.csproj", "{3DEF0562-495E-484B-AD10-7B826DE43B95}"
EndProject
Project("{9A19103F-16F7-4668-BE54-9A1E7A4F7556}") = "Autho.Infra.Data", "src\Autho.Infra.Data\Autho.Infra.Data.csproj", "{4AFDFBD3-3AE2-4D56-9322-D6010BD76C25}"
EndProject
Project("{9A19103F-16F7-4668-BE54-9A1E7A4F7556}") = "Autho.Application", "src\Autho.Application\Autho.Application.csproj", "{04B04A27-3056-400F-A55B-BBDA08742DEE}"
EndProject
Project("{9A19103F-16F7-4668-BE54-9A1E7A4F7556}") = "Autho.Core", "src\Autho.Core\Autho.Core.csproj", "{A8DEB6BE-5499-43F0-956D-C0DED2964640}"
EndProject
Project("{9A19103F-16F7-4668-BE54-9A1E7A4F7556}") = "Autho.Infra.CrossCutting.IoC", "src\Autho.Infra.CrossCutting.IoC\Autho.Infra.CrossCutting.IoC.csproj", "{2E241B11-5FAA-43F8-9D8B-EA5DB5694A4C}"
EndProject
Project("{9A19103F-16F7-4668-BE54-9A1E7A4F7556}") = "Autho.Infra.Data.Core", "src\Autho.Infra.Data.Core\Autho.Infra.Data.Core.csproj", "{EE7435C0-BB4D-4655-8615-DB7387A42E46}"
EndProject
Project("{9A19103F-16F7-4668-BE54-9A1E7A4F7556}") = "Autho.Domain.Core", "src\Autho.Domain.Core\Autho.Domain.Core.csproj", "{FC2A84FB-8C23-4DC7-8702-840F36A5626E}"
EndProject
Project("{9A19103F-16F7-4668-BE54-9A1E7A4F7556}") = "Autho.Infra.CrossCutting.Globalization", "src\Autho.Infra.CrossCutting.Globalization\Autho.Infra.CrossCutting.Globalization.csproj", "{1828B457-91D0-46BC-BF07-0B1C700D7760}"
EndProject
Project("{FAE04EC0-301F-11D3-BF4B-00C04F79EFBC}") = "Autho.Infra.CrossCutting.Integration", "src\Autho.Infra.CrossCutting.Integration\Autho.Infra.CrossCutting.Integration.csproj", "{2B911E4C-A1C3-4E01-B773-D26FEC28CDEA}"
EndProject
Global
	GlobalSection(SolutionConfigurationPlatforms) = preSolution
		Debug|Any CPU = Debug|Any CPU
		Release|Any CPU = Release|Any CPU
	EndGlobalSection
	GlobalSection(ProjectConfigurationPlatforms) = postSolution
		{444F562E-9A53-422A-8C64-7E00701BB77A}.Debug|Any CPU.ActiveCfg = Debug|Any CPU
		{444F562E-9A53-422A-8C64-7E00701BB77A}.Debug|Any CPU.Build.0 = Debug|Any CPU
		{444F562E-9A53-422A-8C64-7E00701BB77A}.Release|Any CPU.ActiveCfg = Release|Any CPU
		{444F562E-9A53-422A-8C64-7E00701BB77A}.Release|Any CPU.Build.0 = Release|Any CPU
		{3DEF0562-495E-484B-AD10-7B826DE43B95}.Debug|Any CPU.ActiveCfg = Debug|Any CPU
		{3DEF0562-495E-484B-AD10-7B826DE43B95}.Debug|Any CPU.Build.0 = Debug|Any CPU
		{3DEF0562-495E-484B-AD10-7B826DE43B95}.Release|Any CPU.ActiveCfg = Release|Any CPU
		{3DEF0562-495E-484B-AD10-7B826DE43B95}.Release|Any CPU.Build.0 = Release|Any CPU
		{4AFDFBD3-3AE2-4D56-9322-D6010BD76C25}.Debug|Any CPU.ActiveCfg = Debug|Any CPU
		{4AFDFBD3-3AE2-4D56-9322-D6010BD76C25}.Debug|Any CPU.Build.0 = Debug|Any CPU
		{4AFDFBD3-3AE2-4D56-9322-D6010BD76C25}.Release|Any CPU.ActiveCfg = Release|Any CPU
		{4AFDFBD3-3AE2-4D56-9322-D6010BD76C25}.Release|Any CPU.Build.0 = Release|Any CPU
		{04B04A27-3056-400F-A55B-BBDA08742DEE}.Debug|Any CPU.ActiveCfg = Debug|Any CPU
		{04B04A27-3056-400F-A55B-BBDA08742DEE}.Debug|Any CPU.Build.0 = Debug|Any CPU
		{04B04A27-3056-400F-A55B-BBDA08742DEE}.Release|Any CPU.ActiveCfg = Release|Any CPU
		{04B04A27-3056-400F-A55B-BBDA08742DEE}.Release|Any CPU.Build.0 = Release|Any CPU
		{A8DEB6BE-5499-43F0-956D-C0DED2964640}.Debug|Any CPU.ActiveCfg = Debug|Any CPU
		{A8DEB6BE-5499-43F0-956D-C0DED2964640}.Debug|Any CPU.Build.0 = Debug|Any CPU
		{A8DEB6BE-5499-43F0-956D-C0DED2964640}.Release|Any CPU.ActiveCfg = Release|Any CPU
		{A8DEB6BE-5499-43F0-956D-C0DED2964640}.Release|Any CPU.Build.0 = Release|Any CPU
		{2E241B11-5FAA-43F8-9D8B-EA5DB5694A4C}.Debug|Any CPU.ActiveCfg = Debug|Any CPU
		{2E241B11-5FAA-43F8-9D8B-EA5DB5694A4C}.Debug|Any CPU.Build.0 = Debug|Any CPU
		{2E241B11-5FAA-43F8-9D8B-EA5DB5694A4C}.Release|Any CPU.ActiveCfg = Release|Any CPU
		{2E241B11-5FAA-43F8-9D8B-EA5DB5694A4C}.Release|Any CPU.Build.0 = Release|Any CPU
		{EE7435C0-BB4D-4655-8615-DB7387A42E46}.Debug|Any CPU.ActiveCfg = Debug|Any CPU
		{EE7435C0-BB4D-4655-8615-DB7387A42E46}.Debug|Any CPU.Build.0 = Debug|Any CPU
		{EE7435C0-BB4D-4655-8615-DB7387A42E46}.Release|Any CPU.ActiveCfg = Release|Any CPU
		{EE7435C0-BB4D-4655-8615-DB7387A42E46}.Release|Any CPU.Build.0 = Release|Any CPU
		{FC2A84FB-8C23-4DC7-8702-840F36A5626E}.Debug|Any CPU.ActiveCfg = Debug|Any CPU
		{FC2A84FB-8C23-4DC7-8702-840F36A5626E}.Debug|Any CPU.Build.0 = Debug|Any CPU
		{FC2A84FB-8C23-4DC7-8702-840F36A5626E}.Release|Any CPU.ActiveCfg = Release|Any CPU
		{FC2A84FB-8C23-4DC7-8702-840F36A5626E}.Release|Any CPU.Build.0 = Release|Any CPU
		{1828B457-91D0-46BC-BF07-0B1C700D7760}.Debug|Any CPU.ActiveCfg = Debug|Any CPU
		{1828B457-91D0-46BC-BF07-0B1C700D7760}.Debug|Any CPU.Build.0 = Debug|Any CPU
		{1828B457-91D0-46BC-BF07-0B1C700D7760}.Release|Any CPU.ActiveCfg = Release|Any CPU
		{1828B457-91D0-46BC-BF07-0B1C700D7760}.Release|Any CPU.Build.0 = Release|Any CPU
		{2B911E4C-A1C3-4E01-B773-D26FEC28CDEA}.Debug|Any CPU.ActiveCfg = Debug|Any CPU
		{2B911E4C-A1C3-4E01-B773-D26FEC28CDEA}.Debug|Any CPU.Build.0 = Debug|Any CPU
		{2B911E4C-A1C3-4E01-B773-D26FEC28CDEA}.Release|Any CPU.ActiveCfg = Release|Any CPU
		{2B911E4C-A1C3-4E01-B773-D26FEC28CDEA}.Release|Any CPU.Build.0 = Release|Any CPU
	EndGlobalSection
	GlobalSection(SolutionProperties) = preSolution
		HideSolutionNode = FALSE
	EndGlobalSection
	GlobalSection(NestedProjects) = preSolution
		{444F562E-9A53-422A-8C64-7E00701BB77A} = {67ABF24A-61D5-465A-ADEC-B7ED8B5250A8}
		{3DEF0562-495E-484B-AD10-7B826DE43B95} = {67ABF24A-61D5-465A-ADEC-B7ED8B5250A8}
		{4AFDFBD3-3AE2-4D56-9322-D6010BD76C25} = {67ABF24A-61D5-465A-ADEC-B7ED8B5250A8}
		{04B04A27-3056-400F-A55B-BBDA08742DEE} = {67ABF24A-61D5-465A-ADEC-B7ED8B5250A8}
		{A8DEB6BE-5499-43F0-956D-C0DED2964640} = {67ABF24A-61D5-465A-ADEC-B7ED8B5250A8}
		{2E241B11-5FAA-43F8-9D8B-EA5DB5694A4C} = {67ABF24A-61D5-465A-ADEC-B7ED8B5250A8}
		{EE7435C0-BB4D-4655-8615-DB7387A42E46} = {67ABF24A-61D5-465A-ADEC-B7ED8B5250A8}
		{FC2A84FB-8C23-4DC7-8702-840F36A5626E} = {67ABF24A-61D5-465A-ADEC-B7ED8B5250A8}
		{1828B457-91D0-46BC-BF07-0B1C700D7760} = {67ABF24A-61D5-465A-ADEC-B7ED8B5250A8}
		{2B911E4C-A1C3-4E01-B773-D26FEC28CDEA} = {67ABF24A-61D5-465A-ADEC-B7ED8B5250A8}
	EndGlobalSection
	GlobalSection(ExtensibilityGlobals) = postSolution
		SolutionGuid = {F861C8E3-B710-4737-ABBB-7F201C9B9EB1}
	EndGlobalSection
EndGlobal
