
Microsoft Visual Studio Solution File, Format Version 12.00
# Visual Studio Version 16
VisualStudioVersion = 16.0.30204.135
MinimumVisualStudioVersion = 10.0.40219.1
Project("{2150E333-8FDC-42A3-9474-1A3956D46DE8}") = "src", "src", "{D0DCE864-F173-4F21-A89E-ADA7C676ED9F}"
EndProject
Project("{2150E333-8FDC-42A3-9474-1A3956D46DE8}") = "tests", "tests", "{800B450B-1797-4DB9-A146-AA1D2D362726}"
EndProject
Project("{2150E333-8FDC-42A3-9474-1A3956D46DE8}") = "Core", "Core", "{B634BC52-3F1D-4683-AD14-825F71386119}"
EndProject
Project("{2150E333-8FDC-42A3-9474-1A3956D46DE8}") = "Authentication", "Authentication", "{A9003002-60F5-4651-9594-7872806C0D66}"
EndProject
Project("{2150E333-8FDC-42A3-9474-1A3956D46DE8}") = "Anything", "Anything", "{A3E142D4-9944-4323-B434-5FC50686CA46}"
EndProject
Project("{9A19103F-16F7-4668-BE54-9A1E7A4F7556}") = "Haze.Authentication.Application", "src\Haze.Authentication.Application\Haze.Authentication.Application.csproj", "{4F1DBD7C-720C-463C-9270-25792E983E45}"
EndProject
Project("{9A19103F-16F7-4668-BE54-9A1E7A4F7556}") = "Haze.Core.Domain", "src\Haze.Core.Domain\Haze.Core.Domain.csproj", "{768CAE62-AA49-4512-A2E4-A4AAC69DBCB3}"
EndProject
Project("{9A19103F-16F7-4668-BE54-9A1E7A4F7556}") = "Haze.Core.Caching", "src\Haze.Core.Caching\Haze.Core.Caching.csproj", "{DED2E25B-634E-4B32-9947-0D3A67F7BF27}"
EndProject
Project("{9A19103F-16F7-4668-BE54-9A1E7A4F7556}") = "Haze.Core.Application", "src\Haze.Core.Application\Haze.Core.Application.csproj", "{2F4BB224-6692-465C-A28B-689F701E2C42}"
EndProject
Project("{9A19103F-16F7-4668-BE54-9A1E7A4F7556}") = "Haze.Core.Infra", "src\Haze.Core.Infra\Haze.Core.Infra.csproj", "{92D820C2-C337-4ABB-AA96-5AAF0367E1C1}"
EndProject
Project("{9A19103F-16F7-4668-BE54-9A1E7A4F7556}") = "Haze.Core.Infra.Data", "src\Haze.Core.Infra.Data\Haze.Core.Infra.Data.csproj", "{66F270A1-7A10-4D28-8EC6-E240C8A225A5}"
EndProject
Project("{9A19103F-16F7-4668-BE54-9A1E7A4F7556}") = "Haze.Authentication.Web", "src\Haze.Authentication.Web\Haze.Authentication.Web.csproj", "{F23B820E-CD0C-42D4-9EB3-FA206556D71B}"
EndProject
Project("{9A19103F-16F7-4668-BE54-9A1E7A4F7556}") = "Haze.Core.Web", "src\Haze.Core.Web\Haze.Core.Web.csproj", "{F3BEF195-DCCA-4ECB-94D9-5F0DED1AA033}"
EndProject
Project("{9A19103F-16F7-4668-BE54-9A1E7A4F7556}") = "Haze.API", "src\Haze.API\Haze.API.csproj", "{21E207B3-1268-4EBB-9F79-F00BA410A754}"
EndProject
Project("{9A19103F-16F7-4668-BE54-9A1E7A4F7556}") = "Haze.Authentication.Domain", "src\Haze.Authentication.Domain\Haze.Authentication.Domain.csproj", "{BE844515-9F1C-41D3-8C6E-02930568FA81}"
EndProject
Project("{9A19103F-16F7-4668-BE54-9A1E7A4F7556}") = "Haze.Authentication.Caching", "src\Haze.Authentication.Caching\Haze.Authentication.Caching.csproj", "{64106D8C-1474-44F3-B3BE-B4842A3946DE}"
EndProject
Project("{9A19103F-16F7-4668-BE54-9A1E7A4F7556}") = "Haze.Authentication.Infra", "src\Haze.Authentication.Infra\Haze.Authentication.Infra.csproj", "{70374EF5-8DBD-4FB8-B7FB-9D26227A70E1}"
EndProject
Project("{9A19103F-16F7-4668-BE54-9A1E7A4F7556}") = "Haze.Authentication.Infra.Data", "src\Haze.Authentication.Infra.Data\Haze.Authentication.Infra.Data.csproj", "{82D5DE7D-747C-4561-A495-01B561A334FF}"
EndProject
Project("{FAE04EC0-301F-11D3-BF4B-00C04F79EFBC}") = "Haze.Anything.Domain", "src\Haze.Anything.Domain\Haze.Anything.Domain.csproj", "{3EB25A19-FCAD-4727-9B4E-4413864E825D}"
EndProject
Project("{FAE04EC0-301F-11D3-BF4B-00C04F79EFBC}") = "Haze.Anything.Caching", "src\Haze.Anything.Caching\Haze.Anything.Caching.csproj", "{0044ED26-A445-4C03-963D-DDEE5E0F83E9}"
EndProject
Project("{FAE04EC0-301F-11D3-BF4B-00C04F79EFBC}") = "Haze.Anything.Application", "src\Haze.Anything.Application\Haze.Anything.Application.csproj", "{C0C2FA04-CDBF-45B4-8126-79CCB2C172F8}"
EndProject
Project("{FAE04EC0-301F-11D3-BF4B-00C04F79EFBC}") = "Haze.Anything.Infra", "src\Haze.Anything.Infra\Haze.Anything.Infra.csproj", "{2068C806-CD7A-4D35-BD42-ABC70CADDE54}"
EndProject
Project("{FAE04EC0-301F-11D3-BF4B-00C04F79EFBC}") = "Haze.Anything.Infra.Data", "src\Haze.Anything.Infra.Data\Haze.Anything.Infra.Data.csproj", "{04004B5A-12C3-49A3-90CF-DB8A413ED4AB}"
EndProject
Global
	GlobalSection(SolutionConfigurationPlatforms) = preSolution
		Debug|Any CPU = Debug|Any CPU
		Release|Any CPU = Release|Any CPU
	EndGlobalSection
	GlobalSection(ProjectConfigurationPlatforms) = postSolution
		{4F1DBD7C-720C-463C-9270-25792E983E45}.Debug|Any CPU.ActiveCfg = Debug|Any CPU
		{4F1DBD7C-720C-463C-9270-25792E983E45}.Debug|Any CPU.Build.0 = Debug|Any CPU
		{4F1DBD7C-720C-463C-9270-25792E983E45}.Release|Any CPU.ActiveCfg = Release|Any CPU
		{4F1DBD7C-720C-463C-9270-25792E983E45}.Release|Any CPU.Build.0 = Release|Any CPU
		{768CAE62-AA49-4512-A2E4-A4AAC69DBCB3}.Debug|Any CPU.ActiveCfg = Debug|Any CPU
		{768CAE62-AA49-4512-A2E4-A4AAC69DBCB3}.Debug|Any CPU.Build.0 = Debug|Any CPU
		{768CAE62-AA49-4512-A2E4-A4AAC69DBCB3}.Release|Any CPU.ActiveCfg = Release|Any CPU
		{768CAE62-AA49-4512-A2E4-A4AAC69DBCB3}.Release|Any CPU.Build.0 = Release|Any CPU
		{DED2E25B-634E-4B32-9947-0D3A67F7BF27}.Debug|Any CPU.ActiveCfg = Debug|Any CPU
		{DED2E25B-634E-4B32-9947-0D3A67F7BF27}.Debug|Any CPU.Build.0 = Debug|Any CPU
		{DED2E25B-634E-4B32-9947-0D3A67F7BF27}.Release|Any CPU.ActiveCfg = Release|Any CPU
		{DED2E25B-634E-4B32-9947-0D3A67F7BF27}.Release|Any CPU.Build.0 = Release|Any CPU
		{2F4BB224-6692-465C-A28B-689F701E2C42}.Debug|Any CPU.ActiveCfg = Debug|Any CPU
		{2F4BB224-6692-465C-A28B-689F701E2C42}.Debug|Any CPU.Build.0 = Debug|Any CPU
		{2F4BB224-6692-465C-A28B-689F701E2C42}.Release|Any CPU.ActiveCfg = Release|Any CPU
		{2F4BB224-6692-465C-A28B-689F701E2C42}.Release|Any CPU.Build.0 = Release|Any CPU
		{92D820C2-C337-4ABB-AA96-5AAF0367E1C1}.Debug|Any CPU.ActiveCfg = Debug|Any CPU
		{92D820C2-C337-4ABB-AA96-5AAF0367E1C1}.Debug|Any CPU.Build.0 = Debug|Any CPU
		{92D820C2-C337-4ABB-AA96-5AAF0367E1C1}.Release|Any CPU.ActiveCfg = Release|Any CPU
		{92D820C2-C337-4ABB-AA96-5AAF0367E1C1}.Release|Any CPU.Build.0 = Release|Any CPU
		{66F270A1-7A10-4D28-8EC6-E240C8A225A5}.Debug|Any CPU.ActiveCfg = Debug|Any CPU
		{66F270A1-7A10-4D28-8EC6-E240C8A225A5}.Debug|Any CPU.Build.0 = Debug|Any CPU
		{66F270A1-7A10-4D28-8EC6-E240C8A225A5}.Release|Any CPU.ActiveCfg = Release|Any CPU
		{66F270A1-7A10-4D28-8EC6-E240C8A225A5}.Release|Any CPU.Build.0 = Release|Any CPU
		{F23B820E-CD0C-42D4-9EB3-FA206556D71B}.Debug|Any CPU.ActiveCfg = Debug|Any CPU
		{F23B820E-CD0C-42D4-9EB3-FA206556D71B}.Debug|Any CPU.Build.0 = Debug|Any CPU
		{F23B820E-CD0C-42D4-9EB3-FA206556D71B}.Release|Any CPU.ActiveCfg = Release|Any CPU
		{F23B820E-CD0C-42D4-9EB3-FA206556D71B}.Release|Any CPU.Build.0 = Release|Any CPU
		{F3BEF195-DCCA-4ECB-94D9-5F0DED1AA033}.Debug|Any CPU.ActiveCfg = Debug|Any CPU
		{F3BEF195-DCCA-4ECB-94D9-5F0DED1AA033}.Debug|Any CPU.Build.0 = Debug|Any CPU
		{F3BEF195-DCCA-4ECB-94D9-5F0DED1AA033}.Release|Any CPU.ActiveCfg = Release|Any CPU
		{F3BEF195-DCCA-4ECB-94D9-5F0DED1AA033}.Release|Any CPU.Build.0 = Release|Any CPU
		{21E207B3-1268-4EBB-9F79-F00BA410A754}.Debug|Any CPU.ActiveCfg = Debug|Any CPU
		{21E207B3-1268-4EBB-9F79-F00BA410A754}.Debug|Any CPU.Build.0 = Debug|Any CPU
		{21E207B3-1268-4EBB-9F79-F00BA410A754}.Release|Any CPU.ActiveCfg = Release|Any CPU
		{21E207B3-1268-4EBB-9F79-F00BA410A754}.Release|Any CPU.Build.0 = Release|Any CPU
		{BE844515-9F1C-41D3-8C6E-02930568FA81}.Debug|Any CPU.ActiveCfg = Debug|Any CPU
		{BE844515-9F1C-41D3-8C6E-02930568FA81}.Debug|Any CPU.Build.0 = Debug|Any CPU
		{BE844515-9F1C-41D3-8C6E-02930568FA81}.Release|Any CPU.ActiveCfg = Release|Any CPU
		{BE844515-9F1C-41D3-8C6E-02930568FA81}.Release|Any CPU.Build.0 = Release|Any CPU
		{64106D8C-1474-44F3-B3BE-B4842A3946DE}.Debug|Any CPU.ActiveCfg = Debug|Any CPU
		{64106D8C-1474-44F3-B3BE-B4842A3946DE}.Debug|Any CPU.Build.0 = Debug|Any CPU
		{64106D8C-1474-44F3-B3BE-B4842A3946DE}.Release|Any CPU.ActiveCfg = Release|Any CPU
		{64106D8C-1474-44F3-B3BE-B4842A3946DE}.Release|Any CPU.Build.0 = Release|Any CPU
		{70374EF5-8DBD-4FB8-B7FB-9D26227A70E1}.Debug|Any CPU.ActiveCfg = Debug|Any CPU
		{70374EF5-8DBD-4FB8-B7FB-9D26227A70E1}.Debug|Any CPU.Build.0 = Debug|Any CPU
		{70374EF5-8DBD-4FB8-B7FB-9D26227A70E1}.Release|Any CPU.ActiveCfg = Release|Any CPU
		{70374EF5-8DBD-4FB8-B7FB-9D26227A70E1}.Release|Any CPU.Build.0 = Release|Any CPU
		{82D5DE7D-747C-4561-A495-01B561A334FF}.Debug|Any CPU.ActiveCfg = Debug|Any CPU
		{82D5DE7D-747C-4561-A495-01B561A334FF}.Debug|Any CPU.Build.0 = Debug|Any CPU
		{82D5DE7D-747C-4561-A495-01B561A334FF}.Release|Any CPU.ActiveCfg = Release|Any CPU
		{82D5DE7D-747C-4561-A495-01B561A334FF}.Release|Any CPU.Build.0 = Release|Any CPU
		{3EB25A19-FCAD-4727-9B4E-4413864E825D}.Debug|Any CPU.ActiveCfg = Debug|Any CPU
		{3EB25A19-FCAD-4727-9B4E-4413864E825D}.Debug|Any CPU.Build.0 = Debug|Any CPU
		{3EB25A19-FCAD-4727-9B4E-4413864E825D}.Release|Any CPU.ActiveCfg = Release|Any CPU
		{3EB25A19-FCAD-4727-9B4E-4413864E825D}.Release|Any CPU.Build.0 = Release|Any CPU
		{0044ED26-A445-4C03-963D-DDEE5E0F83E9}.Debug|Any CPU.ActiveCfg = Debug|Any CPU
		{0044ED26-A445-4C03-963D-DDEE5E0F83E9}.Debug|Any CPU.Build.0 = Debug|Any CPU
		{0044ED26-A445-4C03-963D-DDEE5E0F83E9}.Release|Any CPU.ActiveCfg = Release|Any CPU
		{0044ED26-A445-4C03-963D-DDEE5E0F83E9}.Release|Any CPU.Build.0 = Release|Any CPU
		{C0C2FA04-CDBF-45B4-8126-79CCB2C172F8}.Debug|Any CPU.ActiveCfg = Debug|Any CPU
		{C0C2FA04-CDBF-45B4-8126-79CCB2C172F8}.Debug|Any CPU.Build.0 = Debug|Any CPU
		{C0C2FA04-CDBF-45B4-8126-79CCB2C172F8}.Release|Any CPU.ActiveCfg = Release|Any CPU
		{C0C2FA04-CDBF-45B4-8126-79CCB2C172F8}.Release|Any CPU.Build.0 = Release|Any CPU
		{2068C806-CD7A-4D35-BD42-ABC70CADDE54}.Debug|Any CPU.ActiveCfg = Debug|Any CPU
		{2068C806-CD7A-4D35-BD42-ABC70CADDE54}.Debug|Any CPU.Build.0 = Debug|Any CPU
		{2068C806-CD7A-4D35-BD42-ABC70CADDE54}.Release|Any CPU.ActiveCfg = Release|Any CPU
		{2068C806-CD7A-4D35-BD42-ABC70CADDE54}.Release|Any CPU.Build.0 = Release|Any CPU
		{04004B5A-12C3-49A3-90CF-DB8A413ED4AB}.Debug|Any CPU.ActiveCfg = Debug|Any CPU
		{04004B5A-12C3-49A3-90CF-DB8A413ED4AB}.Debug|Any CPU.Build.0 = Debug|Any CPU
		{04004B5A-12C3-49A3-90CF-DB8A413ED4AB}.Release|Any CPU.ActiveCfg = Release|Any CPU
		{04004B5A-12C3-49A3-90CF-DB8A413ED4AB}.Release|Any CPU.Build.0 = Release|Any CPU
	EndGlobalSection
	GlobalSection(SolutionProperties) = preSolution
		HideSolutionNode = FALSE
	EndGlobalSection
	GlobalSection(NestedProjects) = preSolution
		{B634BC52-3F1D-4683-AD14-825F71386119} = {D0DCE864-F173-4F21-A89E-ADA7C676ED9F}
		{A9003002-60F5-4651-9594-7872806C0D66} = {D0DCE864-F173-4F21-A89E-ADA7C676ED9F}
		{A3E142D4-9944-4323-B434-5FC50686CA46} = {D0DCE864-F173-4F21-A89E-ADA7C676ED9F}
		{4F1DBD7C-720C-463C-9270-25792E983E45} = {A9003002-60F5-4651-9594-7872806C0D66}
		{768CAE62-AA49-4512-A2E4-A4AAC69DBCB3} = {B634BC52-3F1D-4683-AD14-825F71386119}
		{DED2E25B-634E-4B32-9947-0D3A67F7BF27} = {B634BC52-3F1D-4683-AD14-825F71386119}
		{2F4BB224-6692-465C-A28B-689F701E2C42} = {B634BC52-3F1D-4683-AD14-825F71386119}
		{92D820C2-C337-4ABB-AA96-5AAF0367E1C1} = {B634BC52-3F1D-4683-AD14-825F71386119}
		{66F270A1-7A10-4D28-8EC6-E240C8A225A5} = {B634BC52-3F1D-4683-AD14-825F71386119}
		{F23B820E-CD0C-42D4-9EB3-FA206556D71B} = {A9003002-60F5-4651-9594-7872806C0D66}
		{F3BEF195-DCCA-4ECB-94D9-5F0DED1AA033} = {B634BC52-3F1D-4683-AD14-825F71386119}
		{21E207B3-1268-4EBB-9F79-F00BA410A754} = {D0DCE864-F173-4F21-A89E-ADA7C676ED9F}
		{BE844515-9F1C-41D3-8C6E-02930568FA81} = {A9003002-60F5-4651-9594-7872806C0D66}
		{64106D8C-1474-44F3-B3BE-B4842A3946DE} = {A9003002-60F5-4651-9594-7872806C0D66}
		{70374EF5-8DBD-4FB8-B7FB-9D26227A70E1} = {A9003002-60F5-4651-9594-7872806C0D66}
		{82D5DE7D-747C-4561-A495-01B561A334FF} = {A9003002-60F5-4651-9594-7872806C0D66}
		{3EB25A19-FCAD-4727-9B4E-4413864E825D} = {A3E142D4-9944-4323-B434-5FC50686CA46}
		{0044ED26-A445-4C03-963D-DDEE5E0F83E9} = {A3E142D4-9944-4323-B434-5FC50686CA46}
		{C0C2FA04-CDBF-45B4-8126-79CCB2C172F8} = {A3E142D4-9944-4323-B434-5FC50686CA46}
		{2068C806-CD7A-4D35-BD42-ABC70CADDE54} = {A3E142D4-9944-4323-B434-5FC50686CA46}
		{04004B5A-12C3-49A3-90CF-DB8A413ED4AB} = {A3E142D4-9944-4323-B434-5FC50686CA46}
	EndGlobalSection
	GlobalSection(ExtensibilityGlobals) = postSolution
		SolutionGuid = {EBE69F0D-4A58-4677-9917-C3F6D8398227}
	EndGlobalSection
EndGlobal
