
Microsoft Visual Studio Solution File, Format Version 12.00
# Visual Studio Version 17
VisualStudioVersion = 17.0.32112.339
MinimumVisualStudioVersion = 10.0.40219.1
Project("{2150E333-8FDC-42A3-9474-1A3956D46DE8}") = "1 - SRP", "1 - SRP", "{94BDD432-277C-4E2C-B5C5-6EEF4D721F22}"
EndProject
Project("{FAE04EC0-301F-11D3-BF4B-00C04F79EFBC}") = "SRP.Violation", "1 - SRP\SRP.Violation\SRP.Violation.csproj", "{2A5C0860-F1B3-40E8-9C1C-332F2C8315FA}"
EndProject
Project("{FAE04EC0-301F-11D3-BF4B-00C04F79EFBC}") = "SRP.Solution", "1 - SRP\SRP.Solution\SRP.Solution.csproj", "{A851B474-659F-4D6F-8B81-8DFDC74ED044}"
EndProject
Project("{2150E333-8FDC-42A3-9474-1A3956D46DE8}") = "2 - OCP", "2 - OCP", "{03BE6E7E-EF7D-4262-A513-E27B1DE29789}"
EndProject
Project("{FAE04EC0-301F-11D3-BF4B-00C04F79EFBC}") = "OCP.Violation", "2 - OCP\OCP.Violation\OCP.Violation.csproj", "{4400C3DD-D34A-41BC-B9FB-EF390B6ED122}"
EndProject
Project("{FAE04EC0-301F-11D3-BF4B-00C04F79EFBC}") = "OCP.Solution", "2 - OCP\OCP.Solution\OCP.Solution.csproj", "{83B5A53F-639C-4E21-98D6-7595BCA59BBE}"
EndProject
Project("{2150E333-8FDC-42A3-9474-1A3956D46DE8}") = "3 - LSP", "3 - LSP", "{DB1C4B2B-1C7F-496C-B95E-7A81657858BB}"
EndProject
Project("{FAE04EC0-301F-11D3-BF4B-00C04F79EFBC}") = "LSP.Violation", "3 - LSP\LSP.Violation\LSP.Violation.csproj", "{73C3E9F5-F1FA-4A18-A92F-7AB71D414277}"
EndProject
Project("{FAE04EC0-301F-11D3-BF4B-00C04F79EFBC}") = "LSP.Solution", "3 - LSP\LSP.Solution\LSP.Solution.csproj", "{516EE169-4107-4370-A02F-D1294DBD9665}"
EndProject
Project("{2150E333-8FDC-42A3-9474-1A3956D46DE8}") = "4 - ISP", "4 - ISP", "{76C49FD2-947D-47CC-80F4-E694BE872796}"
EndProject
Project("{FAE04EC0-301F-11D3-BF4B-00C04F79EFBC}") = "ISP.Violation", "4 - ISP\ISP.Violation\ISP.Violation.csproj", "{EC908468-BE12-4F09-A252-4C89FA68B75E}"
EndProject
Project("{FAE04EC0-301F-11D3-BF4B-00C04F79EFBC}") = "ISP.Solution", "4 - ISP\ISP.Solution\ISP.Solution.csproj", "{41A47707-BD00-4EEF-A45E-DB75CB675C65}"
EndProject
Project("{2150E333-8FDC-42A3-9474-1A3956D46DE8}") = "5 - DIP", "5 - DIP", "{55C27EC0-2B09-47CC-8FFE-E44FEE03347B}"
EndProject
Project("{FAE04EC0-301F-11D3-BF4B-00C04F79EFBC}") = "DIP.Violation", "5 - DIP\DIP.Violation\DIP.Violation.csproj", "{C5A54406-8D7C-4C63-8F16-87D32B587929}"
EndProject
Project("{FAE04EC0-301F-11D3-BF4B-00C04F79EFBC}") = "DIP.Solution", "5 - DIP\DIP.Solution\DIP.Solution.csproj", "{4403970C-5E5B-4770-B23C-5E2E909E8C20}"
EndProject
Global
	GlobalSection(SolutionConfigurationPlatforms) = preSolution
		Debug|Any CPU = Debug|Any CPU
		Release|Any CPU = Release|Any CPU
	EndGlobalSection
	GlobalSection(ProjectConfigurationPlatforms) = postSolution
		{2A5C0860-F1B3-40E8-9C1C-332F2C8315FA}.Debug|Any CPU.ActiveCfg = Debug|Any CPU
		{2A5C0860-F1B3-40E8-9C1C-332F2C8315FA}.Debug|Any CPU.Build.0 = Debug|Any CPU
		{2A5C0860-F1B3-40E8-9C1C-332F2C8315FA}.Release|Any CPU.ActiveCfg = Release|Any CPU
		{2A5C0860-F1B3-40E8-9C1C-332F2C8315FA}.Release|Any CPU.Build.0 = Release|Any CPU
		{A851B474-659F-4D6F-8B81-8DFDC74ED044}.Debug|Any CPU.ActiveCfg = Debug|Any CPU
		{A851B474-659F-4D6F-8B81-8DFDC74ED044}.Debug|Any CPU.Build.0 = Debug|Any CPU
		{A851B474-659F-4D6F-8B81-8DFDC74ED044}.Release|Any CPU.ActiveCfg = Release|Any CPU
		{A851B474-659F-4D6F-8B81-8DFDC74ED044}.Release|Any CPU.Build.0 = Release|Any CPU
		{4400C3DD-D34A-41BC-B9FB-EF390B6ED122}.Debug|Any CPU.ActiveCfg = Debug|Any CPU
		{4400C3DD-D34A-41BC-B9FB-EF390B6ED122}.Debug|Any CPU.Build.0 = Debug|Any CPU
		{4400C3DD-D34A-41BC-B9FB-EF390B6ED122}.Release|Any CPU.ActiveCfg = Release|Any CPU
		{4400C3DD-D34A-41BC-B9FB-EF390B6ED122}.Release|Any CPU.Build.0 = Release|Any CPU
		{83B5A53F-639C-4E21-98D6-7595BCA59BBE}.Debug|Any CPU.ActiveCfg = Debug|Any CPU
		{83B5A53F-639C-4E21-98D6-7595BCA59BBE}.Debug|Any CPU.Build.0 = Debug|Any CPU
		{83B5A53F-639C-4E21-98D6-7595BCA59BBE}.Release|Any CPU.ActiveCfg = Release|Any CPU
		{83B5A53F-639C-4E21-98D6-7595BCA59BBE}.Release|Any CPU.Build.0 = Release|Any CPU
		{73C3E9F5-F1FA-4A18-A92F-7AB71D414277}.Debug|Any CPU.ActiveCfg = Debug|Any CPU
		{73C3E9F5-F1FA-4A18-A92F-7AB71D414277}.Debug|Any CPU.Build.0 = Debug|Any CPU
		{73C3E9F5-F1FA-4A18-A92F-7AB71D414277}.Release|Any CPU.ActiveCfg = Release|Any CPU
		{73C3E9F5-F1FA-4A18-A92F-7AB71D414277}.Release|Any CPU.Build.0 = Release|Any CPU
		{516EE169-4107-4370-A02F-D1294DBD9665}.Debug|Any CPU.ActiveCfg = Debug|Any CPU
		{516EE169-4107-4370-A02F-D1294DBD9665}.Debug|Any CPU.Build.0 = Debug|Any CPU
		{516EE169-4107-4370-A02F-D1294DBD9665}.Release|Any CPU.ActiveCfg = Release|Any CPU
		{516EE169-4107-4370-A02F-D1294DBD9665}.Release|Any CPU.Build.0 = Release|Any CPU
		{EC908468-BE12-4F09-A252-4C89FA68B75E}.Debug|Any CPU.ActiveCfg = Debug|Any CPU
		{EC908468-BE12-4F09-A252-4C89FA68B75E}.Debug|Any CPU.Build.0 = Debug|Any CPU
		{EC908468-BE12-4F09-A252-4C89FA68B75E}.Release|Any CPU.ActiveCfg = Release|Any CPU
		{EC908468-BE12-4F09-A252-4C89FA68B75E}.Release|Any CPU.Build.0 = Release|Any CPU
		{41A47707-BD00-4EEF-A45E-DB75CB675C65}.Debug|Any CPU.ActiveCfg = Debug|Any CPU
		{41A47707-BD00-4EEF-A45E-DB75CB675C65}.Debug|Any CPU.Build.0 = Debug|Any CPU
		{41A47707-BD00-4EEF-A45E-DB75CB675C65}.Release|Any CPU.ActiveCfg = Release|Any CPU
		{41A47707-BD00-4EEF-A45E-DB75CB675C65}.Release|Any CPU.Build.0 = Release|Any CPU
		{C5A54406-8D7C-4C63-8F16-87D32B587929}.Debug|Any CPU.ActiveCfg = Debug|Any CPU
		{C5A54406-8D7C-4C63-8F16-87D32B587929}.Debug|Any CPU.Build.0 = Debug|Any CPU
		{C5A54406-8D7C-4C63-8F16-87D32B587929}.Release|Any CPU.ActiveCfg = Release|Any CPU
		{C5A54406-8D7C-4C63-8F16-87D32B587929}.Release|Any CPU.Build.0 = Release|Any CPU
		{4403970C-5E5B-4770-B23C-5E2E909E8C20}.Debug|Any CPU.ActiveCfg = Debug|Any CPU
		{4403970C-5E5B-4770-B23C-5E2E909E8C20}.Debug|Any CPU.Build.0 = Debug|Any CPU
		{4403970C-5E5B-4770-B23C-5E2E909E8C20}.Release|Any CPU.ActiveCfg = Release|Any CPU
		{4403970C-5E5B-4770-B23C-5E2E909E8C20}.Release|Any CPU.Build.0 = Release|Any CPU
	EndGlobalSection
	GlobalSection(SolutionProperties) = preSolution
		HideSolutionNode = FALSE
	EndGlobalSection
	GlobalSection(NestedProjects) = preSolution
		{2A5C0860-F1B3-40E8-9C1C-332F2C8315FA} = {94BDD432-277C-4E2C-B5C5-6EEF4D721F22}
		{A851B474-659F-4D6F-8B81-8DFDC74ED044} = {94BDD432-277C-4E2C-B5C5-6EEF4D721F22}
		{4400C3DD-D34A-41BC-B9FB-EF390B6ED122} = {03BE6E7E-EF7D-4262-A513-E27B1DE29789}
		{83B5A53F-639C-4E21-98D6-7595BCA59BBE} = {03BE6E7E-EF7D-4262-A513-E27B1DE29789}
		{73C3E9F5-F1FA-4A18-A92F-7AB71D414277} = {DB1C4B2B-1C7F-496C-B95E-7A81657858BB}
		{516EE169-4107-4370-A02F-D1294DBD9665} = {DB1C4B2B-1C7F-496C-B95E-7A81657858BB}
		{EC908468-BE12-4F09-A252-4C89FA68B75E} = {76C49FD2-947D-47CC-80F4-E694BE872796}
		{41A47707-BD00-4EEF-A45E-DB75CB675C65} = {76C49FD2-947D-47CC-80F4-E694BE872796}
		{C5A54406-8D7C-4C63-8F16-87D32B587929} = {55C27EC0-2B09-47CC-8FFE-E44FEE03347B}
		{4403970C-5E5B-4770-B23C-5E2E909E8C20} = {55C27EC0-2B09-47CC-8FFE-E44FEE03347B}
	EndGlobalSection
	GlobalSection(ExtensibilityGlobals) = postSolution
		SolutionGuid = {2A1EAFC7-7922-42DB-A76A-D528405197B8}
	EndGlobalSection
EndGlobal
